
Microsoft Visual Studio Solution File, Format Version 12.00
# Visual Studio Version 16
VisualStudioVersion = 16.0.30804.86
MinimumVisualStudioVersion = 10.0.40219.1
Project("{9A19103F-16F7-4668-BE54-9A1E7A4F7556}") = "TaskNote", "TaskNote\TaskNote.csproj", "{ECBD81F8-A25D-4A9F-BE73-9FA244DF0B82}"
	ProjectSection(ProjectDependencies) = postProject
		{B137F725-C1B9-4716-9019-049C3F5B41C5} = {B137F725-C1B9-4716-9019-049C3F5B41C5}
	EndProjectSection
EndProject
Project("{2150E333-8FDC-42A3-9474-1A3956D46DE8}") = "Infrastructure", "Infrastructure", "{09CE0D07-9DDE-4BFC-B600-B1D75C0B86B3}"
EndProject
Project("{2150E333-8FDC-42A3-9474-1A3956D46DE8}") = "App", "App", "{C3AAD1A3-AA92-4485-B21D-CFCF14344236}"
EndProject
Project("{9A19103F-16F7-4668-BE54-9A1E7A4F7556}") = "TaskNote.HttpClient", "TaskNote.HttpClient\TaskNote.HttpClient.csproj", "{E9B50935-6A3B-4116-8D00-DBBB32394683}"
EndProject
Project("{9A19103F-16F7-4668-BE54-9A1E7A4F7556}") = "TaskNote.Database", "TaskNote.Database\TaskNote.Database.csproj", "{6A0D655D-BFEC-4DFE-A5EA-7B0F8CA4F411}"
	ProjectSection(ProjectDependencies) = postProject
		{B137F725-C1B9-4716-9019-049C3F5B41C5} = {B137F725-C1B9-4716-9019-049C3F5B41C5}
	EndProjectSection
EndProject
Project("{9A19103F-16F7-4668-BE54-9A1E7A4F7556}") = "TaskNote.Database.EntityFramework", "TaskNote.Database.EntityFramework\TaskNote.Database.EntityFramework.csproj", "{F79A662D-C038-4617-9F13-C15B3196BA67}"
EndProject
Project("{9A19103F-16F7-4668-BE54-9A1E7A4F7556}") = "TaskNote.Database.EntityFramework.InMemory", "TaskNote.Database.EntityFramework.InMemory\TaskNote.Database.EntityFramework.InMemory.csproj", "{C87EE406-9245-4775-BEF6-9670D0334D35}"
EndProject
Project("{2150E333-8FDC-42A3-9474-1A3956D46DE8}") = "Logic", "Logic", "{708A1A12-5E97-47A1-8071-8C1AFC39A31C}"
EndProject
Project("{2150E333-8FDC-42A3-9474-1A3956D46DE8}") = "Presentation", "Presentation", "{A4862136-1EFB-47CF-9151-387C1161FE2A}"
EndProject
Project("{9A19103F-16F7-4668-BE54-9A1E7A4F7556}") = "TaskNote.Desktop", "TaskNote.Desktop\TaskNote.Desktop.csproj", "{B3357F5C-803E-46C5-BC1D-9A94E4B2A887}"
EndProject
Project("{9A19103F-16F7-4668-BE54-9A1E7A4F7556}") = "TaskNote.Database.EntityFramework.DbSqlite", "TaskNote.Database.EntityFramework.DbSqlite\TaskNote.Database.EntityFramework.DbSqlite.csproj", "{D2254D78-EEF6-4F6B-B4D8-92F2EC809F52}"
EndProject
Project("{9A19103F-16F7-4668-BE54-9A1E7A4F7556}") = "TaskNote.HttpClient.MicrosoftExtentions", "TaskNote.HttpClient.MicrosoftExtentions\TaskNote.HttpClient.MicrosoftExtentions.csproj", "{7ECC4DFD-25B8-41BC-94F3-4CF97B9469C9}"
EndProject
Project("{9A19103F-16F7-4668-BE54-9A1E7A4F7556}") = "TaskNote.Abstracts", "TaskNote.Abstracts\TaskNote.Abstracts.csproj", "{B137F725-C1B9-4716-9019-049C3F5B41C5}"
EndProject
Project("{9A19103F-16F7-4668-BE54-9A1E7A4F7556}") = "TaskNote.Batch", "TaskNote.Batch\TaskNote.Batch.csproj", "{31BBF18C-C865-4B75-BE4F-96EE3B707F14}"
EndProject
Project("{9A19103F-16F7-4668-BE54-9A1E7A4F7556}") = "TaskNote.WebServer", "TaskNote.WebServer\TaskNote.WebServer.csproj", "{FE2CAB86-5C0C-41D3-9452-ADB7E62405B6}"
EndProject
Project("{9A19103F-16F7-4668-BE54-9A1E7A4F7556}") = "TaskNote.Models", "TaskNote.Models\TaskNote.Models.csproj", "{917213DE-0B9C-43A5-B674-A3BCCE55BB31}"
EndProject
Project("{9A19103F-16F7-4668-BE54-9A1E7A4F7556}") = "TaskNote.Server.Database", "Server\TaskNote.Server.Database\TaskNote.Server.Database.csproj", "{034E976F-D154-45FC-84C2-55C4FF66CDC0}"
EndProject
Project("{9A19103F-16F7-4668-BE54-9A1E7A4F7556}") = "TaskNote.Http", "TaskNote.Http\TaskNote.Http.csproj", "{69C877A9-A5ED-4198-85F6-6075D7A70302}"
EndProject
Project("{9A19103F-16F7-4668-BE54-9A1E7A4F7556}") = "TaskNote.Platform", "TaskNote.Platform\TaskNote.Platform.csproj", "{44E9D0A3-2A39-4448-BEAE-81B1F3A1F162}"
EndProject
Project("{9A19103F-16F7-4668-BE54-9A1E7A4F7556}") = "TaskNote.Platform.Wpf", "TaskNote.Platform.Wpf\TaskNote.Platform.Wpf.csproj", "{99ECAB89-0E35-4596-8A21-6919CED7B2AA}"
EndProject
Project("{9A19103F-16F7-4668-BE54-9A1E7A4F7556}") = "TaskNote.Desktop.Debug", "TaskNote.Desktop.Debug\TaskNote.Desktop.Debug.csproj", "{5B10889F-DDED-4FB0-9FDF-FF431E13B9AC}"
EndProject
Project("{2150E333-8FDC-42A3-9474-1A3956D46DE8}") = "Tests", "Tests", "{2C4AC4D5-2AE8-4B6C-AE8F-6DA011655532}"
EndProject
Project("{9A19103F-16F7-4668-BE54-9A1E7A4F7556}") = "TaskNote.TestDoubles", "TaskNote.TestDoubles\TaskNote.TestDoubles.csproj", "{A8B2D046-24CA-4B04-BE42-6A472B9FD980}"
EndProject
Project("{9A19103F-16F7-4668-BE54-9A1E7A4F7556}") = "TaskNote.Tests", "TaskNote.Tests\TaskNote.Tests.csproj", "{DBA855AD-9CC0-4E26-8EC7-A54F69263B85}"
EndProject
Project("{9A19103F-16F7-4668-BE54-9A1E7A4F7556}") = "TaskNote.Logging", "TaskNote.Logging\TaskNote.Logging.csproj", "{2B1848DF-64BE-4BA5-89A5-2FE66D49EBDB}"
EndProject
Project("{9A19103F-16F7-4668-BE54-9A1E7A4F7556}") = "TaskNote.Configuration", "TaskNote.Configuration\TaskNote.Configuration.csproj", "{C0D5A8DF-AFFC-4342-BFA7-CD9C5D4BB943}"
EndProject
Project("{9A19103F-16F7-4668-BE54-9A1E7A4F7556}") = "TaskNote.Storage", "TaskNote.Storage\TaskNote.Storage.csproj", "{D3E8AB52-A23F-44C0-931F-F18027CA494C}"
EndProject
Global
	GlobalSection(SolutionConfigurationPlatforms) = preSolution
		Debug|Any CPU = Debug|Any CPU
		Release|Any CPU = Release|Any CPU
	EndGlobalSection
	GlobalSection(ProjectConfigurationPlatforms) = postSolution
		{ECBD81F8-A25D-4A9F-BE73-9FA244DF0B82}.Debug|Any CPU.ActiveCfg = Debug|Any CPU
		{ECBD81F8-A25D-4A9F-BE73-9FA244DF0B82}.Debug|Any CPU.Build.0 = Debug|Any CPU
		{ECBD81F8-A25D-4A9F-BE73-9FA244DF0B82}.Release|Any CPU.ActiveCfg = Release|Any CPU
		{ECBD81F8-A25D-4A9F-BE73-9FA244DF0B82}.Release|Any CPU.Build.0 = Release|Any CPU
		{E9B50935-6A3B-4116-8D00-DBBB32394683}.Debug|Any CPU.ActiveCfg = Debug|Any CPU
		{E9B50935-6A3B-4116-8D00-DBBB32394683}.Debug|Any CPU.Build.0 = Debug|Any CPU
		{E9B50935-6A3B-4116-8D00-DBBB32394683}.Release|Any CPU.ActiveCfg = Release|Any CPU
		{E9B50935-6A3B-4116-8D00-DBBB32394683}.Release|Any CPU.Build.0 = Release|Any CPU
		{6A0D655D-BFEC-4DFE-A5EA-7B0F8CA4F411}.Debug|Any CPU.ActiveCfg = Debug|Any CPU
		{6A0D655D-BFEC-4DFE-A5EA-7B0F8CA4F411}.Debug|Any CPU.Build.0 = Debug|Any CPU
		{6A0D655D-BFEC-4DFE-A5EA-7B0F8CA4F411}.Release|Any CPU.ActiveCfg = Release|Any CPU
		{6A0D655D-BFEC-4DFE-A5EA-7B0F8CA4F411}.Release|Any CPU.Build.0 = Release|Any CPU
		{F79A662D-C038-4617-9F13-C15B3196BA67}.Debug|Any CPU.ActiveCfg = Debug|Any CPU
		{F79A662D-C038-4617-9F13-C15B3196BA67}.Debug|Any CPU.Build.0 = Debug|Any CPU
		{F79A662D-C038-4617-9F13-C15B3196BA67}.Release|Any CPU.ActiveCfg = Release|Any CPU
		{F79A662D-C038-4617-9F13-C15B3196BA67}.Release|Any CPU.Build.0 = Release|Any CPU
		{C87EE406-9245-4775-BEF6-9670D0334D35}.Debug|Any CPU.ActiveCfg = Debug|Any CPU
		{C87EE406-9245-4775-BEF6-9670D0334D35}.Debug|Any CPU.Build.0 = Debug|Any CPU
		{C87EE406-9245-4775-BEF6-9670D0334D35}.Release|Any CPU.ActiveCfg = Release|Any CPU
		{C87EE406-9245-4775-BEF6-9670D0334D35}.Release|Any CPU.Build.0 = Release|Any CPU
		{B3357F5C-803E-46C5-BC1D-9A94E4B2A887}.Debug|Any CPU.ActiveCfg = Debug|Any CPU
		{B3357F5C-803E-46C5-BC1D-9A94E4B2A887}.Debug|Any CPU.Build.0 = Debug|Any CPU
		{B3357F5C-803E-46C5-BC1D-9A94E4B2A887}.Release|Any CPU.ActiveCfg = Release|Any CPU
		{B3357F5C-803E-46C5-BC1D-9A94E4B2A887}.Release|Any CPU.Build.0 = Release|Any CPU
		{D2254D78-EEF6-4F6B-B4D8-92F2EC809F52}.Debug|Any CPU.ActiveCfg = Debug|Any CPU
		{D2254D78-EEF6-4F6B-B4D8-92F2EC809F52}.Debug|Any CPU.Build.0 = Debug|Any CPU
		{D2254D78-EEF6-4F6B-B4D8-92F2EC809F52}.Release|Any CPU.ActiveCfg = Release|Any CPU
		{D2254D78-EEF6-4F6B-B4D8-92F2EC809F52}.Release|Any CPU.Build.0 = Release|Any CPU
		{7ECC4DFD-25B8-41BC-94F3-4CF97B9469C9}.Debug|Any CPU.ActiveCfg = Debug|Any CPU
		{7ECC4DFD-25B8-41BC-94F3-4CF97B9469C9}.Debug|Any CPU.Build.0 = Debug|Any CPU
		{7ECC4DFD-25B8-41BC-94F3-4CF97B9469C9}.Release|Any CPU.ActiveCfg = Release|Any CPU
		{7ECC4DFD-25B8-41BC-94F3-4CF97B9469C9}.Release|Any CPU.Build.0 = Release|Any CPU
		{B137F725-C1B9-4716-9019-049C3F5B41C5}.Debug|Any CPU.ActiveCfg = Debug|Any CPU
		{B137F725-C1B9-4716-9019-049C3F5B41C5}.Debug|Any CPU.Build.0 = Debug|Any CPU
		{B137F725-C1B9-4716-9019-049C3F5B41C5}.Release|Any CPU.ActiveCfg = Release|Any CPU
		{B137F725-C1B9-4716-9019-049C3F5B41C5}.Release|Any CPU.Build.0 = Release|Any CPU
		{31BBF18C-C865-4B75-BE4F-96EE3B707F14}.Debug|Any CPU.ActiveCfg = Debug|Any CPU
		{31BBF18C-C865-4B75-BE4F-96EE3B707F14}.Debug|Any CPU.Build.0 = Debug|Any CPU
		{31BBF18C-C865-4B75-BE4F-96EE3B707F14}.Release|Any CPU.ActiveCfg = Release|Any CPU
		{31BBF18C-C865-4B75-BE4F-96EE3B707F14}.Release|Any CPU.Build.0 = Release|Any CPU
		{FE2CAB86-5C0C-41D3-9452-ADB7E62405B6}.Debug|Any CPU.ActiveCfg = Debug|Any CPU
		{FE2CAB86-5C0C-41D3-9452-ADB7E62405B6}.Debug|Any CPU.Build.0 = Debug|Any CPU
		{FE2CAB86-5C0C-41D3-9452-ADB7E62405B6}.Release|Any CPU.ActiveCfg = Release|Any CPU
		{FE2CAB86-5C0C-41D3-9452-ADB7E62405B6}.Release|Any CPU.Build.0 = Release|Any CPU
		{917213DE-0B9C-43A5-B674-A3BCCE55BB31}.Debug|Any CPU.ActiveCfg = Debug|Any CPU
		{917213DE-0B9C-43A5-B674-A3BCCE55BB31}.Debug|Any CPU.Build.0 = Debug|Any CPU
		{917213DE-0B9C-43A5-B674-A3BCCE55BB31}.Release|Any CPU.ActiveCfg = Release|Any CPU
		{917213DE-0B9C-43A5-B674-A3BCCE55BB31}.Release|Any CPU.Build.0 = Release|Any CPU
		{034E976F-D154-45FC-84C2-55C4FF66CDC0}.Debug|Any CPU.ActiveCfg = Debug|Any CPU
		{034E976F-D154-45FC-84C2-55C4FF66CDC0}.Debug|Any CPU.Build.0 = Debug|Any CPU
		{034E976F-D154-45FC-84C2-55C4FF66CDC0}.Release|Any CPU.ActiveCfg = Release|Any CPU
		{034E976F-D154-45FC-84C2-55C4FF66CDC0}.Release|Any CPU.Build.0 = Release|Any CPU
		{69C877A9-A5ED-4198-85F6-6075D7A70302}.Debug|Any CPU.ActiveCfg = Debug|Any CPU
		{69C877A9-A5ED-4198-85F6-6075D7A70302}.Debug|Any CPU.Build.0 = Debug|Any CPU
		{69C877A9-A5ED-4198-85F6-6075D7A70302}.Release|Any CPU.ActiveCfg = Release|Any CPU
		{69C877A9-A5ED-4198-85F6-6075D7A70302}.Release|Any CPU.Build.0 = Release|Any CPU
		{44E9D0A3-2A39-4448-BEAE-81B1F3A1F162}.Debug|Any CPU.ActiveCfg = Debug|Any CPU
		{44E9D0A3-2A39-4448-BEAE-81B1F3A1F162}.Debug|Any CPU.Build.0 = Debug|Any CPU
		{44E9D0A3-2A39-4448-BEAE-81B1F3A1F162}.Release|Any CPU.ActiveCfg = Release|Any CPU
		{44E9D0A3-2A39-4448-BEAE-81B1F3A1F162}.Release|Any CPU.Build.0 = Release|Any CPU
		{99ECAB89-0E35-4596-8A21-6919CED7B2AA}.Debug|Any CPU.ActiveCfg = Debug|Any CPU
		{99ECAB89-0E35-4596-8A21-6919CED7B2AA}.Debug|Any CPU.Build.0 = Debug|Any CPU
		{99ECAB89-0E35-4596-8A21-6919CED7B2AA}.Release|Any CPU.ActiveCfg = Release|Any CPU
		{99ECAB89-0E35-4596-8A21-6919CED7B2AA}.Release|Any CPU.Build.0 = Release|Any CPU
		{5B10889F-DDED-4FB0-9FDF-FF431E13B9AC}.Debug|Any CPU.ActiveCfg = Debug|Any CPU
		{5B10889F-DDED-4FB0-9FDF-FF431E13B9AC}.Debug|Any CPU.Build.0 = Debug|Any CPU
		{5B10889F-DDED-4FB0-9FDF-FF431E13B9AC}.Release|Any CPU.ActiveCfg = Release|Any CPU
		{5B10889F-DDED-4FB0-9FDF-FF431E13B9AC}.Release|Any CPU.Build.0 = Release|Any CPU
		{A8B2D046-24CA-4B04-BE42-6A472B9FD980}.Debug|Any CPU.ActiveCfg = Debug|Any CPU
		{A8B2D046-24CA-4B04-BE42-6A472B9FD980}.Debug|Any CPU.Build.0 = Debug|Any CPU
		{A8B2D046-24CA-4B04-BE42-6A472B9FD980}.Release|Any CPU.ActiveCfg = Release|Any CPU
		{A8B2D046-24CA-4B04-BE42-6A472B9FD980}.Release|Any CPU.Build.0 = Release|Any CPU
		{DBA855AD-9CC0-4E26-8EC7-A54F69263B85}.Debug|Any CPU.ActiveCfg = Debug|Any CPU
		{DBA855AD-9CC0-4E26-8EC7-A54F69263B85}.Debug|Any CPU.Build.0 = Debug|Any CPU
		{DBA855AD-9CC0-4E26-8EC7-A54F69263B85}.Release|Any CPU.ActiveCfg = Release|Any CPU
		{DBA855AD-9CC0-4E26-8EC7-A54F69263B85}.Release|Any CPU.Build.0 = Release|Any CPU
		{2B1848DF-64BE-4BA5-89A5-2FE66D49EBDB}.Debug|Any CPU.ActiveCfg = Debug|Any CPU
		{2B1848DF-64BE-4BA5-89A5-2FE66D49EBDB}.Debug|Any CPU.Build.0 = Debug|Any CPU
		{2B1848DF-64BE-4BA5-89A5-2FE66D49EBDB}.Release|Any CPU.ActiveCfg = Release|Any CPU
		{2B1848DF-64BE-4BA5-89A5-2FE66D49EBDB}.Release|Any CPU.Build.0 = Release|Any CPU
		{C0D5A8DF-AFFC-4342-BFA7-CD9C5D4BB943}.Debug|Any CPU.ActiveCfg = Debug|Any CPU
		{C0D5A8DF-AFFC-4342-BFA7-CD9C5D4BB943}.Debug|Any CPU.Build.0 = Debug|Any CPU
		{C0D5A8DF-AFFC-4342-BFA7-CD9C5D4BB943}.Release|Any CPU.ActiveCfg = Release|Any CPU
		{C0D5A8DF-AFFC-4342-BFA7-CD9C5D4BB943}.Release|Any CPU.Build.0 = Release|Any CPU
		{D3E8AB52-A23F-44C0-931F-F18027CA494C}.Debug|Any CPU.ActiveCfg = Debug|Any CPU
		{D3E8AB52-A23F-44C0-931F-F18027CA494C}.Debug|Any CPU.Build.0 = Debug|Any CPU
		{D3E8AB52-A23F-44C0-931F-F18027CA494C}.Release|Any CPU.ActiveCfg = Release|Any CPU
		{D3E8AB52-A23F-44C0-931F-F18027CA494C}.Release|Any CPU.Build.0 = Release|Any CPU
	EndGlobalSection
	GlobalSection(SolutionProperties) = preSolution
		HideSolutionNode = FALSE
	EndGlobalSection
	GlobalSection(NestedProjects) = preSolution
		{ECBD81F8-A25D-4A9F-BE73-9FA244DF0B82} = {09CE0D07-9DDE-4BFC-B600-B1D75C0B86B3}
		{E9B50935-6A3B-4116-8D00-DBBB32394683} = {09CE0D07-9DDE-4BFC-B600-B1D75C0B86B3}
		{6A0D655D-BFEC-4DFE-A5EA-7B0F8CA4F411} = {09CE0D07-9DDE-4BFC-B600-B1D75C0B86B3}
		{F79A662D-C038-4617-9F13-C15B3196BA67} = {09CE0D07-9DDE-4BFC-B600-B1D75C0B86B3}
		{C87EE406-9245-4775-BEF6-9670D0334D35} = {09CE0D07-9DDE-4BFC-B600-B1D75C0B86B3}
		{B3357F5C-803E-46C5-BC1D-9A94E4B2A887} = {C3AAD1A3-AA92-4485-B21D-CFCF14344236}
		{D2254D78-EEF6-4F6B-B4D8-92F2EC809F52} = {09CE0D07-9DDE-4BFC-B600-B1D75C0B86B3}
		{7ECC4DFD-25B8-41BC-94F3-4CF97B9469C9} = {09CE0D07-9DDE-4BFC-B600-B1D75C0B86B3}
		{B137F725-C1B9-4716-9019-049C3F5B41C5} = {09CE0D07-9DDE-4BFC-B600-B1D75C0B86B3}
		{31BBF18C-C865-4B75-BE4F-96EE3B707F14} = {A4862136-1EFB-47CF-9151-387C1161FE2A}
		{FE2CAB86-5C0C-41D3-9452-ADB7E62405B6} = {C3AAD1A3-AA92-4485-B21D-CFCF14344236}
		{917213DE-0B9C-43A5-B674-A3BCCE55BB31} = {708A1A12-5E97-47A1-8071-8C1AFC39A31C}
		{034E976F-D154-45FC-84C2-55C4FF66CDC0} = {C3AAD1A3-AA92-4485-B21D-CFCF14344236}
		{44E9D0A3-2A39-4448-BEAE-81B1F3A1F162} = {A4862136-1EFB-47CF-9151-387C1161FE2A}
		{99ECAB89-0E35-4596-8A21-6919CED7B2AA} = {A4862136-1EFB-47CF-9151-387C1161FE2A}
		{5B10889F-DDED-4FB0-9FDF-FF431E13B9AC} = {C3AAD1A3-AA92-4485-B21D-CFCF14344236}
		{A8B2D046-24CA-4B04-BE42-6A472B9FD980} = {2C4AC4D5-2AE8-4B6C-AE8F-6DA011655532}
		{DBA855AD-9CC0-4E26-8EC7-A54F69263B85} = {2C4AC4D5-2AE8-4B6C-AE8F-6DA011655532}
		{2B1848DF-64BE-4BA5-89A5-2FE66D49EBDB} = {A4862136-1EFB-47CF-9151-387C1161FE2A}
		{C0D5A8DF-AFFC-4342-BFA7-CD9C5D4BB943} = {09CE0D07-9DDE-4BFC-B600-B1D75C0B86B3}
		{D3E8AB52-A23F-44C0-931F-F18027CA494C} = {09CE0D07-9DDE-4BFC-B600-B1D75C0B86B3}
	EndGlobalSection
	GlobalSection(ExtensibilityGlobals) = postSolution
		SolutionGuid = {B300C7B4-92B1-41B0-9CCB-9128401663CF}
	EndGlobalSection
EndGlobal
