
Microsoft Visual Studio Solution File, Format Version 12.00
# Visual Studio Version 16
VisualStudioVersion = 16.0.30804.86
MinimumVisualStudioVersion = 10.0.40219.1
Project("{9A19103F-16F7-4668-BE54-9A1E7A4F7556}") = "TaskNote", "TaskNote\TaskNote.csproj", "{ECBD81F8-A25D-4A9F-BE73-9FA244DF0B82}"
	ProjectSection(ProjectDependencies) = postProject
		{B137F725-C1B9-4716-9019-049C3F5B41C5} = {B137F725-C1B9-4716-9019-049C3F5B41C5}
	EndProjectSection
EndProject
Project("{2150E333-8FDC-42A3-9474-1A3956D46DE8}") = "Infrastructure", "Infrastructure", "{09CE0D07-9DDE-4BFC-B600-B1D75C0B86B3}"
EndProject
Project("{2150E333-8FDC-42A3-9474-1A3956D46DE8}") = "App", "App", "{C3AAD1A3-AA92-4485-B21D-CFCF14344236}"
EndProject
Project("{9A19103F-16F7-4668-BE54-9A1E7A4F7556}") = "TaskNote.Database", "TaskNote.Database\TaskNote.Database.csproj", "{6A0D655D-BFEC-4DFE-A5EA-7B0F8CA4F411}"
	ProjectSection(ProjectDependencies) = postProject
		{B137F725-C1B9-4716-9019-049C3F5B41C5} = {B137F725-C1B9-4716-9019-049C3F5B41C5}
	EndProjectSection
EndProject
Project("{9A19103F-16F7-4668-BE54-9A1E7A4F7556}") = "TaskNote.Database.EntityFramework", "TaskNote.Database.EntityFramework\TaskNote.Database.EntityFramework.csproj", "{F79A662D-C038-4617-9F13-C15B3196BA67}"
EndProject
Project("{9A19103F-16F7-4668-BE54-9A1E7A4F7556}") = "TaskNote.Database.EntityFramework.InMemory", "TaskNote.Database.EntityFramework.InMemory\TaskNote.Database.EntityFramework.InMemory.csproj", "{C87EE406-9245-4775-BEF6-9670D0334D35}"
EndProject
Project("{2150E333-8FDC-42A3-9474-1A3956D46DE8}") = "Logic", "Logic", "{708A1A12-5E97-47A1-8071-8C1AFC39A31C}"
EndProject
Project("{2150E333-8FDC-42A3-9474-1A3956D46DE8}") = "Presentation", "Presentation", "{A4862136-1EFB-47CF-9151-387C1161FE2A}"
EndProject
Project("{9A19103F-16F7-4668-BE54-9A1E7A4F7556}") = "TaskNote.Desktop", "TaskNote.Desktop\TaskNote.Desktop.csproj", "{B3357F5C-803E-46C5-BC1D-9A94E4B2A887}"
EndProject
Project("{9A19103F-16F7-4668-BE54-9A1E7A4F7556}") = "TaskNote.Database.EntityFramework.DbSqlite", "TaskNote.Database.EntityFramework.DbSqlite\TaskNote.Database.EntityFramework.DbSqlite.csproj", "{D2254D78-EEF6-4F6B-B4D8-92F2EC809F52}"
EndProject
Project("{9A19103F-16F7-4668-BE54-9A1E7A4F7556}") = "TaskNote.Abstracts", "TaskNote.Abstracts\TaskNote.Abstracts.csproj", "{B137F725-C1B9-4716-9019-049C3F5B41C5}"
EndProject
Project("{9A19103F-16F7-4668-BE54-9A1E7A4F7556}") = "TaskNote.Batch", "TaskNote.Batch\TaskNote.Batch.csproj", "{31BBF18C-C865-4B75-BE4F-96EE3B707F14}"
EndProject
Project("{9A19103F-16F7-4668-BE54-9A1E7A4F7556}") = "TaskNote.WebServer", "TaskNote.WebServer\TaskNote.WebServer.csproj", "{FE2CAB86-5C0C-41D3-9452-ADB7E62405B6}"
EndProject
Project("{9A19103F-16F7-4668-BE54-9A1E7A4F7556}") = "TaskNote.Models", "TaskNote.Models\TaskNote.Models.csproj", "{917213DE-0B9C-43A5-B674-A3BCCE55BB31}"
EndProject
Project("{9A19103F-16F7-4668-BE54-9A1E7A4F7556}") = "TaskNote.Server.Database", "Server\TaskNote.Server.Database\TaskNote.Server.Database.csproj", "{034E976F-D154-45FC-84C2-55C4FF66CDC0}"
EndProject
Project("{9A19103F-16F7-4668-BE54-9A1E7A4F7556}") = "TaskNote.Http", "TaskNote.Http\TaskNote.Http.csproj", "{69C877A9-A5ED-4198-85F6-6075D7A70302}"
EndProject
Project("{9A19103F-16F7-4668-BE54-9A1E7A4F7556}") = "TaskNote.Platform", "TaskNote.Platform\TaskNote.Platform.csproj", "{44E9D0A3-2A39-4448-BEAE-81B1F3A1F162}"
EndProject
Project("{9A19103F-16F7-4668-BE54-9A1E7A4F7556}") = "TaskNote.Platform.Wpf", "TaskNote.Platform.Wpf\TaskNote.Platform.Wpf.csproj", "{99ECAB89-0E35-4596-8A21-6919CED7B2AA}"
EndProject
Project("{9A19103F-16F7-4668-BE54-9A1E7A4F7556}") = "TaskNote.Desktop.Debug", "TaskNote.Desktop.Debug\TaskNote.Desktop.Debug.csproj", "{5B10889F-DDED-4FB0-9FDF-FF431E13B9AC}"
EndProject
Project("{2150E333-8FDC-42A3-9474-1A3956D46DE8}") = "Tests", "Tests", "{2C4AC4D5-2AE8-4B6C-AE8F-6DA011655532}"
EndProject
Project("{9A19103F-16F7-4668-BE54-9A1E7A4F7556}") = "TaskNote.TestDoubles", "TaskNote.TestDoubles\TaskNote.TestDoubles.csproj", "{A8B2D046-24CA-4B04-BE42-6A472B9FD980}"
EndProject
Project("{9A19103F-16F7-4668-BE54-9A1E7A4F7556}") = "TaskNote.Logging", "TaskNote.Logging\TaskNote.Logging.csproj", "{2B1848DF-64BE-4BA5-89A5-2FE66D49EBDB}"
EndProject
Project("{9A19103F-16F7-4668-BE54-9A1E7A4F7556}") = "TaskNote.Configuration", "TaskNote.Configuration\TaskNote.Configuration.csproj", "{C0D5A8DF-AFFC-4342-BFA7-CD9C5D4BB943}"
EndProject
Project("{9A19103F-16F7-4668-BE54-9A1E7A4F7556}") = "TaskNote.Storage", "TaskNote.Storage\TaskNote.Storage.csproj", "{D3E8AB52-A23F-44C0-931F-F18027CA494C}"
EndProject
Project("{C7167F0D-BC9F-4E6E-AFE1-012C56B48DB5}") = "TaskNote.Packege", "TaskNote.Packege\TaskNote.Packege.wapproj", "{059D9464-8BA2-4473-BBD2-AC06CBB385CF}"
EndProject
Project("{9A19103F-16F7-4668-BE54-9A1E7A4F7556}") = "TaskNote.Storage.Packege", "TaskNote.Storage.Packege\TaskNote.Storage.Packege.csproj", "{843D21D6-C01F-4A98-ADE9-CF8C0E877613}"
EndProject
Project("{9A19103F-16F7-4668-BE54-9A1E7A4F7556}") = "TaskNote.Http.Client.MicrosoftExtentions", "TaskNote.Http.Client.MicrosoftExtentions\TaskNote.Http.Client.MicrosoftExtentions.csproj", "{A7DBE4DB-D0DA-4E96-B716-23F02D6EF51C}"
EndProject
Project("{9A19103F-16F7-4668-BE54-9A1E7A4F7556}") = "TaskNote.Http.Client", "TaskNote.Http.Client\TaskNote.Http.Client.csproj", "{C9E4BF72-23E2-4C24-8746-DB825B4F8579}"
EndProject
Project("{9A19103F-16F7-4668-BE54-9A1E7A4F7556}") = "TaskNote.Http.Client.Rest", "TaskNote.Http.Client.Rest\TaskNote.Http.Client.Rest.csproj", "{EDBC6BD9-F0EC-44A5-BB0D-499C8B86B7CF}"
EndProject
Project("{FAE04EC0-301F-11D3-BF4B-00C04F79EFBC}") = "TaskNote.Tests", "TaskNote.Tests\TaskNote.Tests.csproj", "{10A935AA-7AE8-4051-9E34-40603F3E9CA7}"
EndProject
Project("{FAE04EC0-301F-11D3-BF4B-00C04F79EFBC}") = "TaskNote.Http.Client.TestDoubles", "TaskNote.Http.Client.TestDoubles\TaskNote.Http.Client.TestDoubles.csproj", "{C46B6573-932D-461A-8470-6D577A4A242D}"
EndProject
Project("{FAE04EC0-301F-11D3-BF4B-00C04F79EFBC}") = "TaskNote.Http.Client.Tests", "TaskNote.Http.Client.Tests\TaskNote.Http.Client.Tests.csproj", "{1FE5E34F-D6D5-4DA4-B265-0AB4E17580CC}"
EndProject
Project("{FAE04EC0-301F-11D3-BF4B-00C04F79EFBC}") = "TaskNote.Database.Tests", "TaskNote.Database.Tests\TaskNote.Database.Tests.csproj", "{AD7B4D8D-5CC3-47EB-B394-AD807A0FF217}"
EndProject
Global
	GlobalSection(SolutionConfigurationPlatforms) = preSolution
		Debug|Any CPU = Debug|Any CPU
		Debug|ARM = Debug|ARM
		Debug|ARM64 = Debug|ARM64
		Debug|x64 = Debug|x64
		Debug|x86 = Debug|x86
		Mock|Any CPU = Mock|Any CPU
		Mock|ARM = Mock|ARM
		Mock|ARM64 = Mock|ARM64
		Mock|x64 = Mock|x64
		Mock|x86 = Mock|x86
		Release|Any CPU = Release|Any CPU
		Release|ARM = Release|ARM
		Release|ARM64 = Release|ARM64
		Release|x64 = Release|x64
		Release|x86 = Release|x86
		Staging|Any CPU = Staging|Any CPU
		Staging|ARM = Staging|ARM
		Staging|ARM64 = Staging|ARM64
		Staging|x64 = Staging|x64
		Staging|x86 = Staging|x86
	EndGlobalSection
	GlobalSection(ProjectConfigurationPlatforms) = postSolution
		{ECBD81F8-A25D-4A9F-BE73-9FA244DF0B82}.Debug|Any CPU.ActiveCfg = Debug|Any CPU
		{ECBD81F8-A25D-4A9F-BE73-9FA244DF0B82}.Debug|Any CPU.Build.0 = Debug|Any CPU
		{ECBD81F8-A25D-4A9F-BE73-9FA244DF0B82}.Debug|ARM.ActiveCfg = Debug|Any CPU
		{ECBD81F8-A25D-4A9F-BE73-9FA244DF0B82}.Debug|ARM.Build.0 = Debug|Any CPU
		{ECBD81F8-A25D-4A9F-BE73-9FA244DF0B82}.Debug|ARM64.ActiveCfg = Debug|Any CPU
		{ECBD81F8-A25D-4A9F-BE73-9FA244DF0B82}.Debug|ARM64.Build.0 = Debug|Any CPU
		{ECBD81F8-A25D-4A9F-BE73-9FA244DF0B82}.Debug|x64.ActiveCfg = Debug|Any CPU
		{ECBD81F8-A25D-4A9F-BE73-9FA244DF0B82}.Debug|x64.Build.0 = Debug|Any CPU
		{ECBD81F8-A25D-4A9F-BE73-9FA244DF0B82}.Debug|x86.ActiveCfg = Debug|Any CPU
		{ECBD81F8-A25D-4A9F-BE73-9FA244DF0B82}.Debug|x86.Build.0 = Debug|Any CPU
		{ECBD81F8-A25D-4A9F-BE73-9FA244DF0B82}.Mock|Any CPU.ActiveCfg = Mock|Any CPU
		{ECBD81F8-A25D-4A9F-BE73-9FA244DF0B82}.Mock|Any CPU.Build.0 = Mock|Any CPU
		{ECBD81F8-A25D-4A9F-BE73-9FA244DF0B82}.Mock|ARM.ActiveCfg = Mock|Any CPU
		{ECBD81F8-A25D-4A9F-BE73-9FA244DF0B82}.Mock|ARM.Build.0 = Mock|Any CPU
		{ECBD81F8-A25D-4A9F-BE73-9FA244DF0B82}.Mock|ARM64.ActiveCfg = Mock|Any CPU
		{ECBD81F8-A25D-4A9F-BE73-9FA244DF0B82}.Mock|ARM64.Build.0 = Mock|Any CPU
		{ECBD81F8-A25D-4A9F-BE73-9FA244DF0B82}.Mock|x64.ActiveCfg = Mock|Any CPU
		{ECBD81F8-A25D-4A9F-BE73-9FA244DF0B82}.Mock|x64.Build.0 = Mock|Any CPU
		{ECBD81F8-A25D-4A9F-BE73-9FA244DF0B82}.Mock|x86.ActiveCfg = Mock|Any CPU
		{ECBD81F8-A25D-4A9F-BE73-9FA244DF0B82}.Mock|x86.Build.0 = Mock|Any CPU
		{ECBD81F8-A25D-4A9F-BE73-9FA244DF0B82}.Release|Any CPU.ActiveCfg = Release|Any CPU
		{ECBD81F8-A25D-4A9F-BE73-9FA244DF0B82}.Release|Any CPU.Build.0 = Release|Any CPU
		{ECBD81F8-A25D-4A9F-BE73-9FA244DF0B82}.Release|ARM.ActiveCfg = Release|Any CPU
		{ECBD81F8-A25D-4A9F-BE73-9FA244DF0B82}.Release|ARM.Build.0 = Release|Any CPU
		{ECBD81F8-A25D-4A9F-BE73-9FA244DF0B82}.Release|ARM64.ActiveCfg = Release|Any CPU
		{ECBD81F8-A25D-4A9F-BE73-9FA244DF0B82}.Release|ARM64.Build.0 = Release|Any CPU
		{ECBD81F8-A25D-4A9F-BE73-9FA244DF0B82}.Release|x64.ActiveCfg = Release|Any CPU
		{ECBD81F8-A25D-4A9F-BE73-9FA244DF0B82}.Release|x64.Build.0 = Release|Any CPU
		{ECBD81F8-A25D-4A9F-BE73-9FA244DF0B82}.Release|x86.ActiveCfg = Release|Any CPU
		{ECBD81F8-A25D-4A9F-BE73-9FA244DF0B82}.Release|x86.Build.0 = Release|Any CPU
		{ECBD81F8-A25D-4A9F-BE73-9FA244DF0B82}.Staging|Any CPU.ActiveCfg = Staging|Any CPU
		{ECBD81F8-A25D-4A9F-BE73-9FA244DF0B82}.Staging|Any CPU.Build.0 = Staging|Any CPU
		{ECBD81F8-A25D-4A9F-BE73-9FA244DF0B82}.Staging|ARM.ActiveCfg = Staging|Any CPU
		{ECBD81F8-A25D-4A9F-BE73-9FA244DF0B82}.Staging|ARM.Build.0 = Staging|Any CPU
		{ECBD81F8-A25D-4A9F-BE73-9FA244DF0B82}.Staging|ARM64.ActiveCfg = Staging|Any CPU
		{ECBD81F8-A25D-4A9F-BE73-9FA244DF0B82}.Staging|ARM64.Build.0 = Staging|Any CPU
		{ECBD81F8-A25D-4A9F-BE73-9FA244DF0B82}.Staging|x64.ActiveCfg = Staging|Any CPU
		{ECBD81F8-A25D-4A9F-BE73-9FA244DF0B82}.Staging|x64.Build.0 = Staging|Any CPU
		{ECBD81F8-A25D-4A9F-BE73-9FA244DF0B82}.Staging|x86.ActiveCfg = Staging|Any CPU
		{ECBD81F8-A25D-4A9F-BE73-9FA244DF0B82}.Staging|x86.Build.0 = Staging|Any CPU
		{6A0D655D-BFEC-4DFE-A5EA-7B0F8CA4F411}.Debug|Any CPU.ActiveCfg = Debug|Any CPU
		{6A0D655D-BFEC-4DFE-A5EA-7B0F8CA4F411}.Debug|Any CPU.Build.0 = Debug|Any CPU
		{6A0D655D-BFEC-4DFE-A5EA-7B0F8CA4F411}.Debug|ARM.ActiveCfg = Debug|Any CPU
		{6A0D655D-BFEC-4DFE-A5EA-7B0F8CA4F411}.Debug|ARM.Build.0 = Debug|Any CPU
		{6A0D655D-BFEC-4DFE-A5EA-7B0F8CA4F411}.Debug|ARM64.ActiveCfg = Debug|Any CPU
		{6A0D655D-BFEC-4DFE-A5EA-7B0F8CA4F411}.Debug|ARM64.Build.0 = Debug|Any CPU
		{6A0D655D-BFEC-4DFE-A5EA-7B0F8CA4F411}.Debug|x64.ActiveCfg = Debug|Any CPU
		{6A0D655D-BFEC-4DFE-A5EA-7B0F8CA4F411}.Debug|x64.Build.0 = Debug|Any CPU
		{6A0D655D-BFEC-4DFE-A5EA-7B0F8CA4F411}.Debug|x86.ActiveCfg = Debug|Any CPU
		{6A0D655D-BFEC-4DFE-A5EA-7B0F8CA4F411}.Debug|x86.Build.0 = Debug|Any CPU
		{6A0D655D-BFEC-4DFE-A5EA-7B0F8CA4F411}.Mock|Any CPU.ActiveCfg = Mock|Any CPU
		{6A0D655D-BFEC-4DFE-A5EA-7B0F8CA4F411}.Mock|Any CPU.Build.0 = Mock|Any CPU
		{6A0D655D-BFEC-4DFE-A5EA-7B0F8CA4F411}.Mock|ARM.ActiveCfg = Mock|Any CPU
		{6A0D655D-BFEC-4DFE-A5EA-7B0F8CA4F411}.Mock|ARM.Build.0 = Mock|Any CPU
		{6A0D655D-BFEC-4DFE-A5EA-7B0F8CA4F411}.Mock|ARM64.ActiveCfg = Mock|Any CPU
		{6A0D655D-BFEC-4DFE-A5EA-7B0F8CA4F411}.Mock|ARM64.Build.0 = Mock|Any CPU
		{6A0D655D-BFEC-4DFE-A5EA-7B0F8CA4F411}.Mock|x64.ActiveCfg = Mock|Any CPU
		{6A0D655D-BFEC-4DFE-A5EA-7B0F8CA4F411}.Mock|x64.Build.0 = Mock|Any CPU
		{6A0D655D-BFEC-4DFE-A5EA-7B0F8CA4F411}.Mock|x86.ActiveCfg = Mock|Any CPU
		{6A0D655D-BFEC-4DFE-A5EA-7B0F8CA4F411}.Mock|x86.Build.0 = Mock|Any CPU
		{6A0D655D-BFEC-4DFE-A5EA-7B0F8CA4F411}.Release|Any CPU.ActiveCfg = Release|Any CPU
		{6A0D655D-BFEC-4DFE-A5EA-7B0F8CA4F411}.Release|Any CPU.Build.0 = Release|Any CPU
		{6A0D655D-BFEC-4DFE-A5EA-7B0F8CA4F411}.Release|ARM.ActiveCfg = Release|Any CPU
		{6A0D655D-BFEC-4DFE-A5EA-7B0F8CA4F411}.Release|ARM.Build.0 = Release|Any CPU
		{6A0D655D-BFEC-4DFE-A5EA-7B0F8CA4F411}.Release|ARM64.ActiveCfg = Release|Any CPU
		{6A0D655D-BFEC-4DFE-A5EA-7B0F8CA4F411}.Release|ARM64.Build.0 = Release|Any CPU
		{6A0D655D-BFEC-4DFE-A5EA-7B0F8CA4F411}.Release|x64.ActiveCfg = Release|Any CPU
		{6A0D655D-BFEC-4DFE-A5EA-7B0F8CA4F411}.Release|x64.Build.0 = Release|Any CPU
		{6A0D655D-BFEC-4DFE-A5EA-7B0F8CA4F411}.Release|x86.ActiveCfg = Release|Any CPU
		{6A0D655D-BFEC-4DFE-A5EA-7B0F8CA4F411}.Release|x86.Build.0 = Release|Any CPU
		{6A0D655D-BFEC-4DFE-A5EA-7B0F8CA4F411}.Staging|Any CPU.ActiveCfg = Staging|Any CPU
		{6A0D655D-BFEC-4DFE-A5EA-7B0F8CA4F411}.Staging|Any CPU.Build.0 = Staging|Any CPU
		{6A0D655D-BFEC-4DFE-A5EA-7B0F8CA4F411}.Staging|ARM.ActiveCfg = Staging|Any CPU
		{6A0D655D-BFEC-4DFE-A5EA-7B0F8CA4F411}.Staging|ARM.Build.0 = Staging|Any CPU
		{6A0D655D-BFEC-4DFE-A5EA-7B0F8CA4F411}.Staging|ARM64.ActiveCfg = Staging|Any CPU
		{6A0D655D-BFEC-4DFE-A5EA-7B0F8CA4F411}.Staging|ARM64.Build.0 = Staging|Any CPU
		{6A0D655D-BFEC-4DFE-A5EA-7B0F8CA4F411}.Staging|x64.ActiveCfg = Staging|Any CPU
		{6A0D655D-BFEC-4DFE-A5EA-7B0F8CA4F411}.Staging|x64.Build.0 = Staging|Any CPU
		{6A0D655D-BFEC-4DFE-A5EA-7B0F8CA4F411}.Staging|x86.ActiveCfg = Staging|Any CPU
		{6A0D655D-BFEC-4DFE-A5EA-7B0F8CA4F411}.Staging|x86.Build.0 = Staging|Any CPU
		{F79A662D-C038-4617-9F13-C15B3196BA67}.Debug|Any CPU.ActiveCfg = Debug|Any CPU
		{F79A662D-C038-4617-9F13-C15B3196BA67}.Debug|Any CPU.Build.0 = Debug|Any CPU
		{F79A662D-C038-4617-9F13-C15B3196BA67}.Debug|ARM.ActiveCfg = Debug|Any CPU
		{F79A662D-C038-4617-9F13-C15B3196BA67}.Debug|ARM.Build.0 = Debug|Any CPU
		{F79A662D-C038-4617-9F13-C15B3196BA67}.Debug|ARM64.ActiveCfg = Debug|Any CPU
		{F79A662D-C038-4617-9F13-C15B3196BA67}.Debug|ARM64.Build.0 = Debug|Any CPU
		{F79A662D-C038-4617-9F13-C15B3196BA67}.Debug|x64.ActiveCfg = Debug|Any CPU
		{F79A662D-C038-4617-9F13-C15B3196BA67}.Debug|x64.Build.0 = Debug|Any CPU
		{F79A662D-C038-4617-9F13-C15B3196BA67}.Debug|x86.ActiveCfg = Debug|Any CPU
		{F79A662D-C038-4617-9F13-C15B3196BA67}.Debug|x86.Build.0 = Debug|Any CPU
		{F79A662D-C038-4617-9F13-C15B3196BA67}.Mock|Any CPU.ActiveCfg = Mock|Any CPU
		{F79A662D-C038-4617-9F13-C15B3196BA67}.Mock|Any CPU.Build.0 = Mock|Any CPU
		{F79A662D-C038-4617-9F13-C15B3196BA67}.Mock|ARM.ActiveCfg = Mock|Any CPU
		{F79A662D-C038-4617-9F13-C15B3196BA67}.Mock|ARM.Build.0 = Mock|Any CPU
		{F79A662D-C038-4617-9F13-C15B3196BA67}.Mock|ARM64.ActiveCfg = Mock|Any CPU
		{F79A662D-C038-4617-9F13-C15B3196BA67}.Mock|ARM64.Build.0 = Mock|Any CPU
		{F79A662D-C038-4617-9F13-C15B3196BA67}.Mock|x64.ActiveCfg = Mock|Any CPU
		{F79A662D-C038-4617-9F13-C15B3196BA67}.Mock|x64.Build.0 = Mock|Any CPU
		{F79A662D-C038-4617-9F13-C15B3196BA67}.Mock|x86.ActiveCfg = Mock|Any CPU
		{F79A662D-C038-4617-9F13-C15B3196BA67}.Mock|x86.Build.0 = Mock|Any CPU
		{F79A662D-C038-4617-9F13-C15B3196BA67}.Release|Any CPU.ActiveCfg = Release|Any CPU
		{F79A662D-C038-4617-9F13-C15B3196BA67}.Release|Any CPU.Build.0 = Release|Any CPU
		{F79A662D-C038-4617-9F13-C15B3196BA67}.Release|ARM.ActiveCfg = Release|Any CPU
		{F79A662D-C038-4617-9F13-C15B3196BA67}.Release|ARM.Build.0 = Release|Any CPU
		{F79A662D-C038-4617-9F13-C15B3196BA67}.Release|ARM64.ActiveCfg = Release|Any CPU
		{F79A662D-C038-4617-9F13-C15B3196BA67}.Release|ARM64.Build.0 = Release|Any CPU
		{F79A662D-C038-4617-9F13-C15B3196BA67}.Release|x64.ActiveCfg = Release|Any CPU
		{F79A662D-C038-4617-9F13-C15B3196BA67}.Release|x64.Build.0 = Release|Any CPU
		{F79A662D-C038-4617-9F13-C15B3196BA67}.Release|x86.ActiveCfg = Release|Any CPU
		{F79A662D-C038-4617-9F13-C15B3196BA67}.Release|x86.Build.0 = Release|Any CPU
		{F79A662D-C038-4617-9F13-C15B3196BA67}.Staging|Any CPU.ActiveCfg = Staging|Any CPU
		{F79A662D-C038-4617-9F13-C15B3196BA67}.Staging|Any CPU.Build.0 = Staging|Any CPU
		{F79A662D-C038-4617-9F13-C15B3196BA67}.Staging|ARM.ActiveCfg = Staging|Any CPU
		{F79A662D-C038-4617-9F13-C15B3196BA67}.Staging|ARM.Build.0 = Staging|Any CPU
		{F79A662D-C038-4617-9F13-C15B3196BA67}.Staging|ARM64.ActiveCfg = Staging|Any CPU
		{F79A662D-C038-4617-9F13-C15B3196BA67}.Staging|ARM64.Build.0 = Staging|Any CPU
		{F79A662D-C038-4617-9F13-C15B3196BA67}.Staging|x64.ActiveCfg = Staging|Any CPU
		{F79A662D-C038-4617-9F13-C15B3196BA67}.Staging|x64.Build.0 = Staging|Any CPU
		{F79A662D-C038-4617-9F13-C15B3196BA67}.Staging|x86.ActiveCfg = Staging|Any CPU
		{F79A662D-C038-4617-9F13-C15B3196BA67}.Staging|x86.Build.0 = Staging|Any CPU
		{C87EE406-9245-4775-BEF6-9670D0334D35}.Debug|Any CPU.ActiveCfg = Debug|Any CPU
		{C87EE406-9245-4775-BEF6-9670D0334D35}.Debug|Any CPU.Build.0 = Debug|Any CPU
		{C87EE406-9245-4775-BEF6-9670D0334D35}.Debug|ARM.ActiveCfg = Debug|Any CPU
		{C87EE406-9245-4775-BEF6-9670D0334D35}.Debug|ARM.Build.0 = Debug|Any CPU
		{C87EE406-9245-4775-BEF6-9670D0334D35}.Debug|ARM64.ActiveCfg = Debug|Any CPU
		{C87EE406-9245-4775-BEF6-9670D0334D35}.Debug|ARM64.Build.0 = Debug|Any CPU
		{C87EE406-9245-4775-BEF6-9670D0334D35}.Debug|x64.ActiveCfg = Debug|Any CPU
		{C87EE406-9245-4775-BEF6-9670D0334D35}.Debug|x64.Build.0 = Debug|Any CPU
		{C87EE406-9245-4775-BEF6-9670D0334D35}.Debug|x86.ActiveCfg = Debug|Any CPU
		{C87EE406-9245-4775-BEF6-9670D0334D35}.Debug|x86.Build.0 = Debug|Any CPU
		{C87EE406-9245-4775-BEF6-9670D0334D35}.Mock|Any CPU.ActiveCfg = Mock|Any CPU
		{C87EE406-9245-4775-BEF6-9670D0334D35}.Mock|Any CPU.Build.0 = Mock|Any CPU
		{C87EE406-9245-4775-BEF6-9670D0334D35}.Mock|ARM.ActiveCfg = Mock|Any CPU
		{C87EE406-9245-4775-BEF6-9670D0334D35}.Mock|ARM.Build.0 = Mock|Any CPU
		{C87EE406-9245-4775-BEF6-9670D0334D35}.Mock|ARM64.ActiveCfg = Mock|Any CPU
		{C87EE406-9245-4775-BEF6-9670D0334D35}.Mock|ARM64.Build.0 = Mock|Any CPU
		{C87EE406-9245-4775-BEF6-9670D0334D35}.Mock|x64.ActiveCfg = Mock|Any CPU
		{C87EE406-9245-4775-BEF6-9670D0334D35}.Mock|x64.Build.0 = Mock|Any CPU
		{C87EE406-9245-4775-BEF6-9670D0334D35}.Mock|x86.ActiveCfg = Mock|Any CPU
		{C87EE406-9245-4775-BEF6-9670D0334D35}.Mock|x86.Build.0 = Mock|Any CPU
		{C87EE406-9245-4775-BEF6-9670D0334D35}.Release|Any CPU.ActiveCfg = Release|Any CPU
		{C87EE406-9245-4775-BEF6-9670D0334D35}.Release|Any CPU.Build.0 = Release|Any CPU
		{C87EE406-9245-4775-BEF6-9670D0334D35}.Release|ARM.ActiveCfg = Release|Any CPU
		{C87EE406-9245-4775-BEF6-9670D0334D35}.Release|ARM.Build.0 = Release|Any CPU
		{C87EE406-9245-4775-BEF6-9670D0334D35}.Release|ARM64.ActiveCfg = Release|Any CPU
		{C87EE406-9245-4775-BEF6-9670D0334D35}.Release|ARM64.Build.0 = Release|Any CPU
		{C87EE406-9245-4775-BEF6-9670D0334D35}.Release|x64.ActiveCfg = Release|Any CPU
		{C87EE406-9245-4775-BEF6-9670D0334D35}.Release|x64.Build.0 = Release|Any CPU
		{C87EE406-9245-4775-BEF6-9670D0334D35}.Release|x86.ActiveCfg = Release|Any CPU
		{C87EE406-9245-4775-BEF6-9670D0334D35}.Release|x86.Build.0 = Release|Any CPU
		{C87EE406-9245-4775-BEF6-9670D0334D35}.Staging|Any CPU.ActiveCfg = Staging|Any CPU
		{C87EE406-9245-4775-BEF6-9670D0334D35}.Staging|Any CPU.Build.0 = Staging|Any CPU
		{C87EE406-9245-4775-BEF6-9670D0334D35}.Staging|ARM.ActiveCfg = Staging|Any CPU
		{C87EE406-9245-4775-BEF6-9670D0334D35}.Staging|ARM.Build.0 = Staging|Any CPU
		{C87EE406-9245-4775-BEF6-9670D0334D35}.Staging|ARM64.ActiveCfg = Staging|Any CPU
		{C87EE406-9245-4775-BEF6-9670D0334D35}.Staging|ARM64.Build.0 = Staging|Any CPU
		{C87EE406-9245-4775-BEF6-9670D0334D35}.Staging|x64.ActiveCfg = Staging|Any CPU
		{C87EE406-9245-4775-BEF6-9670D0334D35}.Staging|x64.Build.0 = Staging|Any CPU
		{C87EE406-9245-4775-BEF6-9670D0334D35}.Staging|x86.ActiveCfg = Staging|Any CPU
		{C87EE406-9245-4775-BEF6-9670D0334D35}.Staging|x86.Build.0 = Staging|Any CPU
		{B3357F5C-803E-46C5-BC1D-9A94E4B2A887}.Debug|Any CPU.ActiveCfg = Debug|Any CPU
		{B3357F5C-803E-46C5-BC1D-9A94E4B2A887}.Debug|Any CPU.Build.0 = Debug|Any CPU
		{B3357F5C-803E-46C5-BC1D-9A94E4B2A887}.Debug|ARM.ActiveCfg = Debug|Any CPU
		{B3357F5C-803E-46C5-BC1D-9A94E4B2A887}.Debug|ARM.Build.0 = Debug|Any CPU
		{B3357F5C-803E-46C5-BC1D-9A94E4B2A887}.Debug|ARM64.ActiveCfg = Debug|Any CPU
		{B3357F5C-803E-46C5-BC1D-9A94E4B2A887}.Debug|ARM64.Build.0 = Debug|Any CPU
		{B3357F5C-803E-46C5-BC1D-9A94E4B2A887}.Debug|x64.ActiveCfg = Debug|Any CPU
		{B3357F5C-803E-46C5-BC1D-9A94E4B2A887}.Debug|x64.Build.0 = Debug|Any CPU
		{B3357F5C-803E-46C5-BC1D-9A94E4B2A887}.Debug|x86.ActiveCfg = Debug|Any CPU
		{B3357F5C-803E-46C5-BC1D-9A94E4B2A887}.Debug|x86.Build.0 = Debug|Any CPU
		{B3357F5C-803E-46C5-BC1D-9A94E4B2A887}.Mock|Any CPU.ActiveCfg = Mock|Any CPU
		{B3357F5C-803E-46C5-BC1D-9A94E4B2A887}.Mock|Any CPU.Build.0 = Mock|Any CPU
		{B3357F5C-803E-46C5-BC1D-9A94E4B2A887}.Mock|ARM.ActiveCfg = Mock|Any CPU
		{B3357F5C-803E-46C5-BC1D-9A94E4B2A887}.Mock|ARM.Build.0 = Mock|Any CPU
		{B3357F5C-803E-46C5-BC1D-9A94E4B2A887}.Mock|ARM64.ActiveCfg = Mock|Any CPU
		{B3357F5C-803E-46C5-BC1D-9A94E4B2A887}.Mock|ARM64.Build.0 = Mock|Any CPU
		{B3357F5C-803E-46C5-BC1D-9A94E4B2A887}.Mock|x64.ActiveCfg = Mock|Any CPU
		{B3357F5C-803E-46C5-BC1D-9A94E4B2A887}.Mock|x64.Build.0 = Mock|Any CPU
		{B3357F5C-803E-46C5-BC1D-9A94E4B2A887}.Mock|x86.ActiveCfg = Mock|Any CPU
		{B3357F5C-803E-46C5-BC1D-9A94E4B2A887}.Mock|x86.Build.0 = Mock|Any CPU
		{B3357F5C-803E-46C5-BC1D-9A94E4B2A887}.Release|Any CPU.ActiveCfg = Release|Any CPU
		{B3357F5C-803E-46C5-BC1D-9A94E4B2A887}.Release|Any CPU.Build.0 = Release|Any CPU
		{B3357F5C-803E-46C5-BC1D-9A94E4B2A887}.Release|ARM.ActiveCfg = Release|Any CPU
		{B3357F5C-803E-46C5-BC1D-9A94E4B2A887}.Release|ARM.Build.0 = Release|Any CPU
		{B3357F5C-803E-46C5-BC1D-9A94E4B2A887}.Release|ARM64.ActiveCfg = Release|Any CPU
		{B3357F5C-803E-46C5-BC1D-9A94E4B2A887}.Release|ARM64.Build.0 = Release|Any CPU
		{B3357F5C-803E-46C5-BC1D-9A94E4B2A887}.Release|x64.ActiveCfg = Release|Any CPU
		{B3357F5C-803E-46C5-BC1D-9A94E4B2A887}.Release|x64.Build.0 = Release|Any CPU
		{B3357F5C-803E-46C5-BC1D-9A94E4B2A887}.Release|x86.ActiveCfg = Release|Any CPU
		{B3357F5C-803E-46C5-BC1D-9A94E4B2A887}.Release|x86.Build.0 = Release|Any CPU
		{B3357F5C-803E-46C5-BC1D-9A94E4B2A887}.Staging|Any CPU.ActiveCfg = Staging|Any CPU
		{B3357F5C-803E-46C5-BC1D-9A94E4B2A887}.Staging|Any CPU.Build.0 = Staging|Any CPU
		{B3357F5C-803E-46C5-BC1D-9A94E4B2A887}.Staging|ARM.ActiveCfg = Staging|Any CPU
		{B3357F5C-803E-46C5-BC1D-9A94E4B2A887}.Staging|ARM.Build.0 = Staging|Any CPU
		{B3357F5C-803E-46C5-BC1D-9A94E4B2A887}.Staging|ARM64.ActiveCfg = Staging|Any CPU
		{B3357F5C-803E-46C5-BC1D-9A94E4B2A887}.Staging|ARM64.Build.0 = Staging|Any CPU
		{B3357F5C-803E-46C5-BC1D-9A94E4B2A887}.Staging|x64.ActiveCfg = Staging|Any CPU
		{B3357F5C-803E-46C5-BC1D-9A94E4B2A887}.Staging|x64.Build.0 = Staging|Any CPU
		{B3357F5C-803E-46C5-BC1D-9A94E4B2A887}.Staging|x86.ActiveCfg = Staging|Any CPU
		{B3357F5C-803E-46C5-BC1D-9A94E4B2A887}.Staging|x86.Build.0 = Staging|Any CPU
		{D2254D78-EEF6-4F6B-B4D8-92F2EC809F52}.Debug|Any CPU.ActiveCfg = Debug|Any CPU
		{D2254D78-EEF6-4F6B-B4D8-92F2EC809F52}.Debug|Any CPU.Build.0 = Debug|Any CPU
		{D2254D78-EEF6-4F6B-B4D8-92F2EC809F52}.Debug|ARM.ActiveCfg = Debug|Any CPU
		{D2254D78-EEF6-4F6B-B4D8-92F2EC809F52}.Debug|ARM.Build.0 = Debug|Any CPU
		{D2254D78-EEF6-4F6B-B4D8-92F2EC809F52}.Debug|ARM64.ActiveCfg = Debug|Any CPU
		{D2254D78-EEF6-4F6B-B4D8-92F2EC809F52}.Debug|ARM64.Build.0 = Debug|Any CPU
		{D2254D78-EEF6-4F6B-B4D8-92F2EC809F52}.Debug|x64.ActiveCfg = Debug|Any CPU
		{D2254D78-EEF6-4F6B-B4D8-92F2EC809F52}.Debug|x64.Build.0 = Debug|Any CPU
		{D2254D78-EEF6-4F6B-B4D8-92F2EC809F52}.Debug|x86.ActiveCfg = Debug|Any CPU
		{D2254D78-EEF6-4F6B-B4D8-92F2EC809F52}.Debug|x86.Build.0 = Debug|Any CPU
		{D2254D78-EEF6-4F6B-B4D8-92F2EC809F52}.Mock|Any CPU.ActiveCfg = Mock|Any CPU
		{D2254D78-EEF6-4F6B-B4D8-92F2EC809F52}.Mock|Any CPU.Build.0 = Mock|Any CPU
		{D2254D78-EEF6-4F6B-B4D8-92F2EC809F52}.Mock|ARM.ActiveCfg = Mock|Any CPU
		{D2254D78-EEF6-4F6B-B4D8-92F2EC809F52}.Mock|ARM.Build.0 = Mock|Any CPU
		{D2254D78-EEF6-4F6B-B4D8-92F2EC809F52}.Mock|ARM64.ActiveCfg = Mock|Any CPU
		{D2254D78-EEF6-4F6B-B4D8-92F2EC809F52}.Mock|ARM64.Build.0 = Mock|Any CPU
		{D2254D78-EEF6-4F6B-B4D8-92F2EC809F52}.Mock|x64.ActiveCfg = Mock|Any CPU
		{D2254D78-EEF6-4F6B-B4D8-92F2EC809F52}.Mock|x64.Build.0 = Mock|Any CPU
		{D2254D78-EEF6-4F6B-B4D8-92F2EC809F52}.Mock|x86.ActiveCfg = Mock|Any CPU
		{D2254D78-EEF6-4F6B-B4D8-92F2EC809F52}.Mock|x86.Build.0 = Mock|Any CPU
		{D2254D78-EEF6-4F6B-B4D8-92F2EC809F52}.Release|Any CPU.ActiveCfg = Release|Any CPU
		{D2254D78-EEF6-4F6B-B4D8-92F2EC809F52}.Release|Any CPU.Build.0 = Release|Any CPU
		{D2254D78-EEF6-4F6B-B4D8-92F2EC809F52}.Release|ARM.ActiveCfg = Release|Any CPU
		{D2254D78-EEF6-4F6B-B4D8-92F2EC809F52}.Release|ARM.Build.0 = Release|Any CPU
		{D2254D78-EEF6-4F6B-B4D8-92F2EC809F52}.Release|ARM64.ActiveCfg = Release|Any CPU
		{D2254D78-EEF6-4F6B-B4D8-92F2EC809F52}.Release|ARM64.Build.0 = Release|Any CPU
		{D2254D78-EEF6-4F6B-B4D8-92F2EC809F52}.Release|x64.ActiveCfg = Release|Any CPU
		{D2254D78-EEF6-4F6B-B4D8-92F2EC809F52}.Release|x64.Build.0 = Release|Any CPU
		{D2254D78-EEF6-4F6B-B4D8-92F2EC809F52}.Release|x86.ActiveCfg = Release|Any CPU
		{D2254D78-EEF6-4F6B-B4D8-92F2EC809F52}.Release|x86.Build.0 = Release|Any CPU
		{D2254D78-EEF6-4F6B-B4D8-92F2EC809F52}.Staging|Any CPU.ActiveCfg = Staging|Any CPU
		{D2254D78-EEF6-4F6B-B4D8-92F2EC809F52}.Staging|Any CPU.Build.0 = Staging|Any CPU
		{D2254D78-EEF6-4F6B-B4D8-92F2EC809F52}.Staging|ARM.ActiveCfg = Staging|Any CPU
		{D2254D78-EEF6-4F6B-B4D8-92F2EC809F52}.Staging|ARM.Build.0 = Staging|Any CPU
		{D2254D78-EEF6-4F6B-B4D8-92F2EC809F52}.Staging|ARM64.ActiveCfg = Staging|Any CPU
		{D2254D78-EEF6-4F6B-B4D8-92F2EC809F52}.Staging|ARM64.Build.0 = Staging|Any CPU
		{D2254D78-EEF6-4F6B-B4D8-92F2EC809F52}.Staging|x64.ActiveCfg = Staging|Any CPU
		{D2254D78-EEF6-4F6B-B4D8-92F2EC809F52}.Staging|x64.Build.0 = Staging|Any CPU
		{D2254D78-EEF6-4F6B-B4D8-92F2EC809F52}.Staging|x86.ActiveCfg = Staging|Any CPU
		{D2254D78-EEF6-4F6B-B4D8-92F2EC809F52}.Staging|x86.Build.0 = Staging|Any CPU
		{B137F725-C1B9-4716-9019-049C3F5B41C5}.Debug|Any CPU.ActiveCfg = Debug|Any CPU
		{B137F725-C1B9-4716-9019-049C3F5B41C5}.Debug|Any CPU.Build.0 = Debug|Any CPU
		{B137F725-C1B9-4716-9019-049C3F5B41C5}.Debug|ARM.ActiveCfg = Debug|Any CPU
		{B137F725-C1B9-4716-9019-049C3F5B41C5}.Debug|ARM.Build.0 = Debug|Any CPU
		{B137F725-C1B9-4716-9019-049C3F5B41C5}.Debug|ARM64.ActiveCfg = Debug|Any CPU
		{B137F725-C1B9-4716-9019-049C3F5B41C5}.Debug|ARM64.Build.0 = Debug|Any CPU
		{B137F725-C1B9-4716-9019-049C3F5B41C5}.Debug|x64.ActiveCfg = Debug|Any CPU
		{B137F725-C1B9-4716-9019-049C3F5B41C5}.Debug|x64.Build.0 = Debug|Any CPU
		{B137F725-C1B9-4716-9019-049C3F5B41C5}.Debug|x86.ActiveCfg = Debug|Any CPU
		{B137F725-C1B9-4716-9019-049C3F5B41C5}.Debug|x86.Build.0 = Debug|Any CPU
		{B137F725-C1B9-4716-9019-049C3F5B41C5}.Mock|Any CPU.ActiveCfg = Mock|Any CPU
		{B137F725-C1B9-4716-9019-049C3F5B41C5}.Mock|Any CPU.Build.0 = Mock|Any CPU
		{B137F725-C1B9-4716-9019-049C3F5B41C5}.Mock|ARM.ActiveCfg = Mock|Any CPU
		{B137F725-C1B9-4716-9019-049C3F5B41C5}.Mock|ARM.Build.0 = Mock|Any CPU
		{B137F725-C1B9-4716-9019-049C3F5B41C5}.Mock|ARM64.ActiveCfg = Mock|Any CPU
		{B137F725-C1B9-4716-9019-049C3F5B41C5}.Mock|ARM64.Build.0 = Mock|Any CPU
		{B137F725-C1B9-4716-9019-049C3F5B41C5}.Mock|x64.ActiveCfg = Mock|Any CPU
		{B137F725-C1B9-4716-9019-049C3F5B41C5}.Mock|x64.Build.0 = Mock|Any CPU
		{B137F725-C1B9-4716-9019-049C3F5B41C5}.Mock|x86.ActiveCfg = Mock|Any CPU
		{B137F725-C1B9-4716-9019-049C3F5B41C5}.Mock|x86.Build.0 = Mock|Any CPU
		{B137F725-C1B9-4716-9019-049C3F5B41C5}.Release|Any CPU.ActiveCfg = Release|Any CPU
		{B137F725-C1B9-4716-9019-049C3F5B41C5}.Release|Any CPU.Build.0 = Release|Any CPU
		{B137F725-C1B9-4716-9019-049C3F5B41C5}.Release|ARM.ActiveCfg = Release|Any CPU
		{B137F725-C1B9-4716-9019-049C3F5B41C5}.Release|ARM.Build.0 = Release|Any CPU
		{B137F725-C1B9-4716-9019-049C3F5B41C5}.Release|ARM64.ActiveCfg = Release|Any CPU
		{B137F725-C1B9-4716-9019-049C3F5B41C5}.Release|ARM64.Build.0 = Release|Any CPU
		{B137F725-C1B9-4716-9019-049C3F5B41C5}.Release|x64.ActiveCfg = Release|Any CPU
		{B137F725-C1B9-4716-9019-049C3F5B41C5}.Release|x64.Build.0 = Release|Any CPU
		{B137F725-C1B9-4716-9019-049C3F5B41C5}.Release|x86.ActiveCfg = Release|Any CPU
		{B137F725-C1B9-4716-9019-049C3F5B41C5}.Release|x86.Build.0 = Release|Any CPU
		{B137F725-C1B9-4716-9019-049C3F5B41C5}.Staging|Any CPU.ActiveCfg = Staging|Any CPU
		{B137F725-C1B9-4716-9019-049C3F5B41C5}.Staging|Any CPU.Build.0 = Staging|Any CPU
		{B137F725-C1B9-4716-9019-049C3F5B41C5}.Staging|ARM.ActiveCfg = Staging|Any CPU
		{B137F725-C1B9-4716-9019-049C3F5B41C5}.Staging|ARM.Build.0 = Staging|Any CPU
		{B137F725-C1B9-4716-9019-049C3F5B41C5}.Staging|ARM64.ActiveCfg = Staging|Any CPU
		{B137F725-C1B9-4716-9019-049C3F5B41C5}.Staging|ARM64.Build.0 = Staging|Any CPU
		{B137F725-C1B9-4716-9019-049C3F5B41C5}.Staging|x64.ActiveCfg = Staging|Any CPU
		{B137F725-C1B9-4716-9019-049C3F5B41C5}.Staging|x64.Build.0 = Staging|Any CPU
		{B137F725-C1B9-4716-9019-049C3F5B41C5}.Staging|x86.ActiveCfg = Staging|Any CPU
		{B137F725-C1B9-4716-9019-049C3F5B41C5}.Staging|x86.Build.0 = Staging|Any CPU
		{31BBF18C-C865-4B75-BE4F-96EE3B707F14}.Debug|Any CPU.ActiveCfg = Debug|Any CPU
		{31BBF18C-C865-4B75-BE4F-96EE3B707F14}.Debug|Any CPU.Build.0 = Debug|Any CPU
		{31BBF18C-C865-4B75-BE4F-96EE3B707F14}.Debug|ARM.ActiveCfg = Debug|Any CPU
		{31BBF18C-C865-4B75-BE4F-96EE3B707F14}.Debug|ARM.Build.0 = Debug|Any CPU
		{31BBF18C-C865-4B75-BE4F-96EE3B707F14}.Debug|ARM64.ActiveCfg = Debug|Any CPU
		{31BBF18C-C865-4B75-BE4F-96EE3B707F14}.Debug|ARM64.Build.0 = Debug|Any CPU
		{31BBF18C-C865-4B75-BE4F-96EE3B707F14}.Debug|x64.ActiveCfg = Debug|Any CPU
		{31BBF18C-C865-4B75-BE4F-96EE3B707F14}.Debug|x64.Build.0 = Debug|Any CPU
		{31BBF18C-C865-4B75-BE4F-96EE3B707F14}.Debug|x86.ActiveCfg = Debug|Any CPU
		{31BBF18C-C865-4B75-BE4F-96EE3B707F14}.Debug|x86.Build.0 = Debug|Any CPU
		{31BBF18C-C865-4B75-BE4F-96EE3B707F14}.Mock|Any CPU.ActiveCfg = Mock|Any CPU
		{31BBF18C-C865-4B75-BE4F-96EE3B707F14}.Mock|Any CPU.Build.0 = Mock|Any CPU
		{31BBF18C-C865-4B75-BE4F-96EE3B707F14}.Mock|ARM.ActiveCfg = Mock|Any CPU
		{31BBF18C-C865-4B75-BE4F-96EE3B707F14}.Mock|ARM.Build.0 = Mock|Any CPU
		{31BBF18C-C865-4B75-BE4F-96EE3B707F14}.Mock|ARM64.ActiveCfg = Mock|Any CPU
		{31BBF18C-C865-4B75-BE4F-96EE3B707F14}.Mock|ARM64.Build.0 = Mock|Any CPU
		{31BBF18C-C865-4B75-BE4F-96EE3B707F14}.Mock|x64.ActiveCfg = Mock|Any CPU
		{31BBF18C-C865-4B75-BE4F-96EE3B707F14}.Mock|x64.Build.0 = Mock|Any CPU
		{31BBF18C-C865-4B75-BE4F-96EE3B707F14}.Mock|x86.ActiveCfg = Mock|Any CPU
		{31BBF18C-C865-4B75-BE4F-96EE3B707F14}.Mock|x86.Build.0 = Mock|Any CPU
		{31BBF18C-C865-4B75-BE4F-96EE3B707F14}.Release|Any CPU.ActiveCfg = Release|Any CPU
		{31BBF18C-C865-4B75-BE4F-96EE3B707F14}.Release|Any CPU.Build.0 = Release|Any CPU
		{31BBF18C-C865-4B75-BE4F-96EE3B707F14}.Release|ARM.ActiveCfg = Release|Any CPU
		{31BBF18C-C865-4B75-BE4F-96EE3B707F14}.Release|ARM.Build.0 = Release|Any CPU
		{31BBF18C-C865-4B75-BE4F-96EE3B707F14}.Release|ARM64.ActiveCfg = Release|Any CPU
		{31BBF18C-C865-4B75-BE4F-96EE3B707F14}.Release|ARM64.Build.0 = Release|Any CPU
		{31BBF18C-C865-4B75-BE4F-96EE3B707F14}.Release|x64.ActiveCfg = Release|Any CPU
		{31BBF18C-C865-4B75-BE4F-96EE3B707F14}.Release|x64.Build.0 = Release|Any CPU
		{31BBF18C-C865-4B75-BE4F-96EE3B707F14}.Release|x86.ActiveCfg = Release|Any CPU
		{31BBF18C-C865-4B75-BE4F-96EE3B707F14}.Release|x86.Build.0 = Release|Any CPU
		{31BBF18C-C865-4B75-BE4F-96EE3B707F14}.Staging|Any CPU.ActiveCfg = Staging|Any CPU
		{31BBF18C-C865-4B75-BE4F-96EE3B707F14}.Staging|Any CPU.Build.0 = Staging|Any CPU
		{31BBF18C-C865-4B75-BE4F-96EE3B707F14}.Staging|ARM.ActiveCfg = Staging|Any CPU
		{31BBF18C-C865-4B75-BE4F-96EE3B707F14}.Staging|ARM.Build.0 = Staging|Any CPU
		{31BBF18C-C865-4B75-BE4F-96EE3B707F14}.Staging|ARM64.ActiveCfg = Staging|Any CPU
		{31BBF18C-C865-4B75-BE4F-96EE3B707F14}.Staging|ARM64.Build.0 = Staging|Any CPU
		{31BBF18C-C865-4B75-BE4F-96EE3B707F14}.Staging|x64.ActiveCfg = Staging|Any CPU
		{31BBF18C-C865-4B75-BE4F-96EE3B707F14}.Staging|x64.Build.0 = Staging|Any CPU
		{31BBF18C-C865-4B75-BE4F-96EE3B707F14}.Staging|x86.ActiveCfg = Staging|Any CPU
		{31BBF18C-C865-4B75-BE4F-96EE3B707F14}.Staging|x86.Build.0 = Staging|Any CPU
		{FE2CAB86-5C0C-41D3-9452-ADB7E62405B6}.Debug|Any CPU.ActiveCfg = Debug|Any CPU
		{FE2CAB86-5C0C-41D3-9452-ADB7E62405B6}.Debug|Any CPU.Build.0 = Debug|Any CPU
		{FE2CAB86-5C0C-41D3-9452-ADB7E62405B6}.Debug|ARM.ActiveCfg = Debug|Any CPU
		{FE2CAB86-5C0C-41D3-9452-ADB7E62405B6}.Debug|ARM.Build.0 = Debug|Any CPU
		{FE2CAB86-5C0C-41D3-9452-ADB7E62405B6}.Debug|ARM64.ActiveCfg = Debug|Any CPU
		{FE2CAB86-5C0C-41D3-9452-ADB7E62405B6}.Debug|ARM64.Build.0 = Debug|Any CPU
		{FE2CAB86-5C0C-41D3-9452-ADB7E62405B6}.Debug|x64.ActiveCfg = Debug|Any CPU
		{FE2CAB86-5C0C-41D3-9452-ADB7E62405B6}.Debug|x64.Build.0 = Debug|Any CPU
		{FE2CAB86-5C0C-41D3-9452-ADB7E62405B6}.Debug|x86.ActiveCfg = Debug|Any CPU
		{FE2CAB86-5C0C-41D3-9452-ADB7E62405B6}.Debug|x86.Build.0 = Debug|Any CPU
		{FE2CAB86-5C0C-41D3-9452-ADB7E62405B6}.Mock|Any CPU.ActiveCfg = Mock|Any CPU
		{FE2CAB86-5C0C-41D3-9452-ADB7E62405B6}.Mock|Any CPU.Build.0 = Mock|Any CPU
		{FE2CAB86-5C0C-41D3-9452-ADB7E62405B6}.Mock|ARM.ActiveCfg = Mock|Any CPU
		{FE2CAB86-5C0C-41D3-9452-ADB7E62405B6}.Mock|ARM.Build.0 = Mock|Any CPU
		{FE2CAB86-5C0C-41D3-9452-ADB7E62405B6}.Mock|ARM64.ActiveCfg = Mock|Any CPU
		{FE2CAB86-5C0C-41D3-9452-ADB7E62405B6}.Mock|ARM64.Build.0 = Mock|Any CPU
		{FE2CAB86-5C0C-41D3-9452-ADB7E62405B6}.Mock|x64.ActiveCfg = Mock|Any CPU
		{FE2CAB86-5C0C-41D3-9452-ADB7E62405B6}.Mock|x64.Build.0 = Mock|Any CPU
		{FE2CAB86-5C0C-41D3-9452-ADB7E62405B6}.Mock|x86.ActiveCfg = Mock|Any CPU
		{FE2CAB86-5C0C-41D3-9452-ADB7E62405B6}.Mock|x86.Build.0 = Mock|Any CPU
		{FE2CAB86-5C0C-41D3-9452-ADB7E62405B6}.Release|Any CPU.ActiveCfg = Release|Any CPU
		{FE2CAB86-5C0C-41D3-9452-ADB7E62405B6}.Release|Any CPU.Build.0 = Release|Any CPU
		{FE2CAB86-5C0C-41D3-9452-ADB7E62405B6}.Release|ARM.ActiveCfg = Release|Any CPU
		{FE2CAB86-5C0C-41D3-9452-ADB7E62405B6}.Release|ARM.Build.0 = Release|Any CPU
		{FE2CAB86-5C0C-41D3-9452-ADB7E62405B6}.Release|ARM64.ActiveCfg = Release|Any CPU
		{FE2CAB86-5C0C-41D3-9452-ADB7E62405B6}.Release|ARM64.Build.0 = Release|Any CPU
		{FE2CAB86-5C0C-41D3-9452-ADB7E62405B6}.Release|x64.ActiveCfg = Release|Any CPU
		{FE2CAB86-5C0C-41D3-9452-ADB7E62405B6}.Release|x64.Build.0 = Release|Any CPU
		{FE2CAB86-5C0C-41D3-9452-ADB7E62405B6}.Release|x86.ActiveCfg = Release|Any CPU
		{FE2CAB86-5C0C-41D3-9452-ADB7E62405B6}.Release|x86.Build.0 = Release|Any CPU
		{FE2CAB86-5C0C-41D3-9452-ADB7E62405B6}.Staging|Any CPU.ActiveCfg = Staging|Any CPU
		{FE2CAB86-5C0C-41D3-9452-ADB7E62405B6}.Staging|Any CPU.Build.0 = Staging|Any CPU
		{FE2CAB86-5C0C-41D3-9452-ADB7E62405B6}.Staging|ARM.ActiveCfg = Staging|Any CPU
		{FE2CAB86-5C0C-41D3-9452-ADB7E62405B6}.Staging|ARM.Build.0 = Staging|Any CPU
		{FE2CAB86-5C0C-41D3-9452-ADB7E62405B6}.Staging|ARM64.ActiveCfg = Staging|Any CPU
		{FE2CAB86-5C0C-41D3-9452-ADB7E62405B6}.Staging|ARM64.Build.0 = Staging|Any CPU
		{FE2CAB86-5C0C-41D3-9452-ADB7E62405B6}.Staging|x64.ActiveCfg = Staging|Any CPU
		{FE2CAB86-5C0C-41D3-9452-ADB7E62405B6}.Staging|x64.Build.0 = Staging|Any CPU
		{FE2CAB86-5C0C-41D3-9452-ADB7E62405B6}.Staging|x86.ActiveCfg = Staging|Any CPU
		{FE2CAB86-5C0C-41D3-9452-ADB7E62405B6}.Staging|x86.Build.0 = Staging|Any CPU
		{917213DE-0B9C-43A5-B674-A3BCCE55BB31}.Debug|Any CPU.ActiveCfg = Debug|Any CPU
		{917213DE-0B9C-43A5-B674-A3BCCE55BB31}.Debug|Any CPU.Build.0 = Debug|Any CPU
		{917213DE-0B9C-43A5-B674-A3BCCE55BB31}.Debug|ARM.ActiveCfg = Debug|Any CPU
		{917213DE-0B9C-43A5-B674-A3BCCE55BB31}.Debug|ARM.Build.0 = Debug|Any CPU
		{917213DE-0B9C-43A5-B674-A3BCCE55BB31}.Debug|ARM64.ActiveCfg = Debug|Any CPU
		{917213DE-0B9C-43A5-B674-A3BCCE55BB31}.Debug|ARM64.Build.0 = Debug|Any CPU
		{917213DE-0B9C-43A5-B674-A3BCCE55BB31}.Debug|x64.ActiveCfg = Debug|Any CPU
		{917213DE-0B9C-43A5-B674-A3BCCE55BB31}.Debug|x64.Build.0 = Debug|Any CPU
		{917213DE-0B9C-43A5-B674-A3BCCE55BB31}.Debug|x86.ActiveCfg = Debug|Any CPU
		{917213DE-0B9C-43A5-B674-A3BCCE55BB31}.Debug|x86.Build.0 = Debug|Any CPU
		{917213DE-0B9C-43A5-B674-A3BCCE55BB31}.Mock|Any CPU.ActiveCfg = Mock|Any CPU
		{917213DE-0B9C-43A5-B674-A3BCCE55BB31}.Mock|Any CPU.Build.0 = Mock|Any CPU
		{917213DE-0B9C-43A5-B674-A3BCCE55BB31}.Mock|ARM.ActiveCfg = Mock|Any CPU
		{917213DE-0B9C-43A5-B674-A3BCCE55BB31}.Mock|ARM.Build.0 = Mock|Any CPU
		{917213DE-0B9C-43A5-B674-A3BCCE55BB31}.Mock|ARM64.ActiveCfg = Mock|Any CPU
		{917213DE-0B9C-43A5-B674-A3BCCE55BB31}.Mock|ARM64.Build.0 = Mock|Any CPU
		{917213DE-0B9C-43A5-B674-A3BCCE55BB31}.Mock|x64.ActiveCfg = Mock|Any CPU
		{917213DE-0B9C-43A5-B674-A3BCCE55BB31}.Mock|x64.Build.0 = Mock|Any CPU
		{917213DE-0B9C-43A5-B674-A3BCCE55BB31}.Mock|x86.ActiveCfg = Mock|Any CPU
		{917213DE-0B9C-43A5-B674-A3BCCE55BB31}.Mock|x86.Build.0 = Mock|Any CPU
		{917213DE-0B9C-43A5-B674-A3BCCE55BB31}.Release|Any CPU.ActiveCfg = Release|Any CPU
		{917213DE-0B9C-43A5-B674-A3BCCE55BB31}.Release|Any CPU.Build.0 = Release|Any CPU
		{917213DE-0B9C-43A5-B674-A3BCCE55BB31}.Release|ARM.ActiveCfg = Release|Any CPU
		{917213DE-0B9C-43A5-B674-A3BCCE55BB31}.Release|ARM.Build.0 = Release|Any CPU
		{917213DE-0B9C-43A5-B674-A3BCCE55BB31}.Release|ARM64.ActiveCfg = Release|Any CPU
		{917213DE-0B9C-43A5-B674-A3BCCE55BB31}.Release|ARM64.Build.0 = Release|Any CPU
		{917213DE-0B9C-43A5-B674-A3BCCE55BB31}.Release|x64.ActiveCfg = Release|Any CPU
		{917213DE-0B9C-43A5-B674-A3BCCE55BB31}.Release|x64.Build.0 = Release|Any CPU
		{917213DE-0B9C-43A5-B674-A3BCCE55BB31}.Release|x86.ActiveCfg = Release|Any CPU
		{917213DE-0B9C-43A5-B674-A3BCCE55BB31}.Release|x86.Build.0 = Release|Any CPU
		{917213DE-0B9C-43A5-B674-A3BCCE55BB31}.Staging|Any CPU.ActiveCfg = Staging|Any CPU
		{917213DE-0B9C-43A5-B674-A3BCCE55BB31}.Staging|Any CPU.Build.0 = Staging|Any CPU
		{917213DE-0B9C-43A5-B674-A3BCCE55BB31}.Staging|ARM.ActiveCfg = Staging|Any CPU
		{917213DE-0B9C-43A5-B674-A3BCCE55BB31}.Staging|ARM.Build.0 = Staging|Any CPU
		{917213DE-0B9C-43A5-B674-A3BCCE55BB31}.Staging|ARM64.ActiveCfg = Staging|Any CPU
		{917213DE-0B9C-43A5-B674-A3BCCE55BB31}.Staging|ARM64.Build.0 = Staging|Any CPU
		{917213DE-0B9C-43A5-B674-A3BCCE55BB31}.Staging|x64.ActiveCfg = Staging|Any CPU
		{917213DE-0B9C-43A5-B674-A3BCCE55BB31}.Staging|x64.Build.0 = Staging|Any CPU
		{917213DE-0B9C-43A5-B674-A3BCCE55BB31}.Staging|x86.ActiveCfg = Staging|Any CPU
		{917213DE-0B9C-43A5-B674-A3BCCE55BB31}.Staging|x86.Build.0 = Staging|Any CPU
		{034E976F-D154-45FC-84C2-55C4FF66CDC0}.Debug|Any CPU.ActiveCfg = Debug|Any CPU
		{034E976F-D154-45FC-84C2-55C4FF66CDC0}.Debug|Any CPU.Build.0 = Debug|Any CPU
		{034E976F-D154-45FC-84C2-55C4FF66CDC0}.Debug|ARM.ActiveCfg = Debug|Any CPU
		{034E976F-D154-45FC-84C2-55C4FF66CDC0}.Debug|ARM.Build.0 = Debug|Any CPU
		{034E976F-D154-45FC-84C2-55C4FF66CDC0}.Debug|ARM64.ActiveCfg = Debug|Any CPU
		{034E976F-D154-45FC-84C2-55C4FF66CDC0}.Debug|ARM64.Build.0 = Debug|Any CPU
		{034E976F-D154-45FC-84C2-55C4FF66CDC0}.Debug|x64.ActiveCfg = Debug|Any CPU
		{034E976F-D154-45FC-84C2-55C4FF66CDC0}.Debug|x64.Build.0 = Debug|Any CPU
		{034E976F-D154-45FC-84C2-55C4FF66CDC0}.Debug|x86.ActiveCfg = Debug|Any CPU
		{034E976F-D154-45FC-84C2-55C4FF66CDC0}.Debug|x86.Build.0 = Debug|Any CPU
		{034E976F-D154-45FC-84C2-55C4FF66CDC0}.Mock|Any CPU.ActiveCfg = Mock|Any CPU
		{034E976F-D154-45FC-84C2-55C4FF66CDC0}.Mock|Any CPU.Build.0 = Mock|Any CPU
		{034E976F-D154-45FC-84C2-55C4FF66CDC0}.Mock|ARM.ActiveCfg = Mock|Any CPU
		{034E976F-D154-45FC-84C2-55C4FF66CDC0}.Mock|ARM.Build.0 = Mock|Any CPU
		{034E976F-D154-45FC-84C2-55C4FF66CDC0}.Mock|ARM64.ActiveCfg = Mock|Any CPU
		{034E976F-D154-45FC-84C2-55C4FF66CDC0}.Mock|ARM64.Build.0 = Mock|Any CPU
		{034E976F-D154-45FC-84C2-55C4FF66CDC0}.Mock|x64.ActiveCfg = Mock|Any CPU
		{034E976F-D154-45FC-84C2-55C4FF66CDC0}.Mock|x64.Build.0 = Mock|Any CPU
		{034E976F-D154-45FC-84C2-55C4FF66CDC0}.Mock|x86.ActiveCfg = Mock|Any CPU
		{034E976F-D154-45FC-84C2-55C4FF66CDC0}.Mock|x86.Build.0 = Mock|Any CPU
		{034E976F-D154-45FC-84C2-55C4FF66CDC0}.Release|Any CPU.ActiveCfg = Release|Any CPU
		{034E976F-D154-45FC-84C2-55C4FF66CDC0}.Release|Any CPU.Build.0 = Release|Any CPU
		{034E976F-D154-45FC-84C2-55C4FF66CDC0}.Release|ARM.ActiveCfg = Release|Any CPU
		{034E976F-D154-45FC-84C2-55C4FF66CDC0}.Release|ARM.Build.0 = Release|Any CPU
		{034E976F-D154-45FC-84C2-55C4FF66CDC0}.Release|ARM64.ActiveCfg = Release|Any CPU
		{034E976F-D154-45FC-84C2-55C4FF66CDC0}.Release|ARM64.Build.0 = Release|Any CPU
		{034E976F-D154-45FC-84C2-55C4FF66CDC0}.Release|x64.ActiveCfg = Release|Any CPU
		{034E976F-D154-45FC-84C2-55C4FF66CDC0}.Release|x64.Build.0 = Release|Any CPU
		{034E976F-D154-45FC-84C2-55C4FF66CDC0}.Release|x86.ActiveCfg = Release|Any CPU
		{034E976F-D154-45FC-84C2-55C4FF66CDC0}.Release|x86.Build.0 = Release|Any CPU
		{034E976F-D154-45FC-84C2-55C4FF66CDC0}.Staging|Any CPU.ActiveCfg = Staging|Any CPU
		{034E976F-D154-45FC-84C2-55C4FF66CDC0}.Staging|Any CPU.Build.0 = Staging|Any CPU
		{034E976F-D154-45FC-84C2-55C4FF66CDC0}.Staging|ARM.ActiveCfg = Staging|Any CPU
		{034E976F-D154-45FC-84C2-55C4FF66CDC0}.Staging|ARM.Build.0 = Staging|Any CPU
		{034E976F-D154-45FC-84C2-55C4FF66CDC0}.Staging|ARM64.ActiveCfg = Staging|Any CPU
		{034E976F-D154-45FC-84C2-55C4FF66CDC0}.Staging|ARM64.Build.0 = Staging|Any CPU
		{034E976F-D154-45FC-84C2-55C4FF66CDC0}.Staging|x64.ActiveCfg = Staging|Any CPU
		{034E976F-D154-45FC-84C2-55C4FF66CDC0}.Staging|x64.Build.0 = Staging|Any CPU
		{034E976F-D154-45FC-84C2-55C4FF66CDC0}.Staging|x86.ActiveCfg = Staging|Any CPU
		{034E976F-D154-45FC-84C2-55C4FF66CDC0}.Staging|x86.Build.0 = Staging|Any CPU
		{69C877A9-A5ED-4198-85F6-6075D7A70302}.Debug|Any CPU.ActiveCfg = Debug|Any CPU
		{69C877A9-A5ED-4198-85F6-6075D7A70302}.Debug|Any CPU.Build.0 = Debug|Any CPU
		{69C877A9-A5ED-4198-85F6-6075D7A70302}.Debug|ARM.ActiveCfg = Debug|Any CPU
		{69C877A9-A5ED-4198-85F6-6075D7A70302}.Debug|ARM.Build.0 = Debug|Any CPU
		{69C877A9-A5ED-4198-85F6-6075D7A70302}.Debug|ARM64.ActiveCfg = Debug|Any CPU
		{69C877A9-A5ED-4198-85F6-6075D7A70302}.Debug|ARM64.Build.0 = Debug|Any CPU
		{69C877A9-A5ED-4198-85F6-6075D7A70302}.Debug|x64.ActiveCfg = Debug|Any CPU
		{69C877A9-A5ED-4198-85F6-6075D7A70302}.Debug|x64.Build.0 = Debug|Any CPU
		{69C877A9-A5ED-4198-85F6-6075D7A70302}.Debug|x86.ActiveCfg = Debug|Any CPU
		{69C877A9-A5ED-4198-85F6-6075D7A70302}.Debug|x86.Build.0 = Debug|Any CPU
		{69C877A9-A5ED-4198-85F6-6075D7A70302}.Mock|Any CPU.ActiveCfg = Mock|Any CPU
		{69C877A9-A5ED-4198-85F6-6075D7A70302}.Mock|Any CPU.Build.0 = Mock|Any CPU
		{69C877A9-A5ED-4198-85F6-6075D7A70302}.Mock|ARM.ActiveCfg = Mock|Any CPU
		{69C877A9-A5ED-4198-85F6-6075D7A70302}.Mock|ARM.Build.0 = Mock|Any CPU
		{69C877A9-A5ED-4198-85F6-6075D7A70302}.Mock|ARM64.ActiveCfg = Mock|Any CPU
		{69C877A9-A5ED-4198-85F6-6075D7A70302}.Mock|ARM64.Build.0 = Mock|Any CPU
		{69C877A9-A5ED-4198-85F6-6075D7A70302}.Mock|x64.ActiveCfg = Mock|Any CPU
		{69C877A9-A5ED-4198-85F6-6075D7A70302}.Mock|x64.Build.0 = Mock|Any CPU
		{69C877A9-A5ED-4198-85F6-6075D7A70302}.Mock|x86.ActiveCfg = Mock|Any CPU
		{69C877A9-A5ED-4198-85F6-6075D7A70302}.Mock|x86.Build.0 = Mock|Any CPU
		{69C877A9-A5ED-4198-85F6-6075D7A70302}.Release|Any CPU.ActiveCfg = Release|Any CPU
		{69C877A9-A5ED-4198-85F6-6075D7A70302}.Release|Any CPU.Build.0 = Release|Any CPU
		{69C877A9-A5ED-4198-85F6-6075D7A70302}.Release|ARM.ActiveCfg = Release|Any CPU
		{69C877A9-A5ED-4198-85F6-6075D7A70302}.Release|ARM.Build.0 = Release|Any CPU
		{69C877A9-A5ED-4198-85F6-6075D7A70302}.Release|ARM64.ActiveCfg = Release|Any CPU
		{69C877A9-A5ED-4198-85F6-6075D7A70302}.Release|ARM64.Build.0 = Release|Any CPU
		{69C877A9-A5ED-4198-85F6-6075D7A70302}.Release|x64.ActiveCfg = Release|Any CPU
		{69C877A9-A5ED-4198-85F6-6075D7A70302}.Release|x64.Build.0 = Release|Any CPU
		{69C877A9-A5ED-4198-85F6-6075D7A70302}.Release|x86.ActiveCfg = Release|Any CPU
		{69C877A9-A5ED-4198-85F6-6075D7A70302}.Release|x86.Build.0 = Release|Any CPU
		{69C877A9-A5ED-4198-85F6-6075D7A70302}.Staging|Any CPU.ActiveCfg = Staging|Any CPU
		{69C877A9-A5ED-4198-85F6-6075D7A70302}.Staging|Any CPU.Build.0 = Staging|Any CPU
		{69C877A9-A5ED-4198-85F6-6075D7A70302}.Staging|ARM.ActiveCfg = Staging|Any CPU
		{69C877A9-A5ED-4198-85F6-6075D7A70302}.Staging|ARM.Build.0 = Staging|Any CPU
		{69C877A9-A5ED-4198-85F6-6075D7A70302}.Staging|ARM64.ActiveCfg = Staging|Any CPU
		{69C877A9-A5ED-4198-85F6-6075D7A70302}.Staging|ARM64.Build.0 = Staging|Any CPU
		{69C877A9-A5ED-4198-85F6-6075D7A70302}.Staging|x64.ActiveCfg = Staging|Any CPU
		{69C877A9-A5ED-4198-85F6-6075D7A70302}.Staging|x64.Build.0 = Staging|Any CPU
		{69C877A9-A5ED-4198-85F6-6075D7A70302}.Staging|x86.ActiveCfg = Staging|Any CPU
		{69C877A9-A5ED-4198-85F6-6075D7A70302}.Staging|x86.Build.0 = Staging|Any CPU
		{44E9D0A3-2A39-4448-BEAE-81B1F3A1F162}.Debug|Any CPU.ActiveCfg = Debug|Any CPU
		{44E9D0A3-2A39-4448-BEAE-81B1F3A1F162}.Debug|Any CPU.Build.0 = Debug|Any CPU
		{44E9D0A3-2A39-4448-BEAE-81B1F3A1F162}.Debug|ARM.ActiveCfg = Debug|Any CPU
		{44E9D0A3-2A39-4448-BEAE-81B1F3A1F162}.Debug|ARM.Build.0 = Debug|Any CPU
		{44E9D0A3-2A39-4448-BEAE-81B1F3A1F162}.Debug|ARM64.ActiveCfg = Debug|Any CPU
		{44E9D0A3-2A39-4448-BEAE-81B1F3A1F162}.Debug|ARM64.Build.0 = Debug|Any CPU
		{44E9D0A3-2A39-4448-BEAE-81B1F3A1F162}.Debug|x64.ActiveCfg = Debug|Any CPU
		{44E9D0A3-2A39-4448-BEAE-81B1F3A1F162}.Debug|x64.Build.0 = Debug|Any CPU
		{44E9D0A3-2A39-4448-BEAE-81B1F3A1F162}.Debug|x86.ActiveCfg = Debug|Any CPU
		{44E9D0A3-2A39-4448-BEAE-81B1F3A1F162}.Debug|x86.Build.0 = Debug|Any CPU
		{44E9D0A3-2A39-4448-BEAE-81B1F3A1F162}.Mock|Any CPU.ActiveCfg = Mock|Any CPU
		{44E9D0A3-2A39-4448-BEAE-81B1F3A1F162}.Mock|Any CPU.Build.0 = Mock|Any CPU
		{44E9D0A3-2A39-4448-BEAE-81B1F3A1F162}.Mock|ARM.ActiveCfg = Mock|Any CPU
		{44E9D0A3-2A39-4448-BEAE-81B1F3A1F162}.Mock|ARM.Build.0 = Mock|Any CPU
		{44E9D0A3-2A39-4448-BEAE-81B1F3A1F162}.Mock|ARM64.ActiveCfg = Mock|Any CPU
		{44E9D0A3-2A39-4448-BEAE-81B1F3A1F162}.Mock|ARM64.Build.0 = Mock|Any CPU
		{44E9D0A3-2A39-4448-BEAE-81B1F3A1F162}.Mock|x64.ActiveCfg = Mock|Any CPU
		{44E9D0A3-2A39-4448-BEAE-81B1F3A1F162}.Mock|x64.Build.0 = Mock|Any CPU
		{44E9D0A3-2A39-4448-BEAE-81B1F3A1F162}.Mock|x86.ActiveCfg = Mock|Any CPU
		{44E9D0A3-2A39-4448-BEAE-81B1F3A1F162}.Mock|x86.Build.0 = Mock|Any CPU
		{44E9D0A3-2A39-4448-BEAE-81B1F3A1F162}.Release|Any CPU.ActiveCfg = Release|Any CPU
		{44E9D0A3-2A39-4448-BEAE-81B1F3A1F162}.Release|Any CPU.Build.0 = Release|Any CPU
		{44E9D0A3-2A39-4448-BEAE-81B1F3A1F162}.Release|ARM.ActiveCfg = Release|Any CPU
		{44E9D0A3-2A39-4448-BEAE-81B1F3A1F162}.Release|ARM.Build.0 = Release|Any CPU
		{44E9D0A3-2A39-4448-BEAE-81B1F3A1F162}.Release|ARM64.ActiveCfg = Release|Any CPU
		{44E9D0A3-2A39-4448-BEAE-81B1F3A1F162}.Release|ARM64.Build.0 = Release|Any CPU
		{44E9D0A3-2A39-4448-BEAE-81B1F3A1F162}.Release|x64.ActiveCfg = Release|Any CPU
		{44E9D0A3-2A39-4448-BEAE-81B1F3A1F162}.Release|x64.Build.0 = Release|Any CPU
		{44E9D0A3-2A39-4448-BEAE-81B1F3A1F162}.Release|x86.ActiveCfg = Release|Any CPU
		{44E9D0A3-2A39-4448-BEAE-81B1F3A1F162}.Release|x86.Build.0 = Release|Any CPU
		{44E9D0A3-2A39-4448-BEAE-81B1F3A1F162}.Staging|Any CPU.ActiveCfg = Staging|Any CPU
		{44E9D0A3-2A39-4448-BEAE-81B1F3A1F162}.Staging|Any CPU.Build.0 = Staging|Any CPU
		{44E9D0A3-2A39-4448-BEAE-81B1F3A1F162}.Staging|ARM.ActiveCfg = Staging|Any CPU
		{44E9D0A3-2A39-4448-BEAE-81B1F3A1F162}.Staging|ARM.Build.0 = Staging|Any CPU
		{44E9D0A3-2A39-4448-BEAE-81B1F3A1F162}.Staging|ARM64.ActiveCfg = Staging|Any CPU
		{44E9D0A3-2A39-4448-BEAE-81B1F3A1F162}.Staging|ARM64.Build.0 = Staging|Any CPU
		{44E9D0A3-2A39-4448-BEAE-81B1F3A1F162}.Staging|x64.ActiveCfg = Staging|Any CPU
		{44E9D0A3-2A39-4448-BEAE-81B1F3A1F162}.Staging|x64.Build.0 = Staging|Any CPU
		{44E9D0A3-2A39-4448-BEAE-81B1F3A1F162}.Staging|x86.ActiveCfg = Staging|Any CPU
		{44E9D0A3-2A39-4448-BEAE-81B1F3A1F162}.Staging|x86.Build.0 = Staging|Any CPU
		{99ECAB89-0E35-4596-8A21-6919CED7B2AA}.Debug|Any CPU.ActiveCfg = Debug|Any CPU
		{99ECAB89-0E35-4596-8A21-6919CED7B2AA}.Debug|Any CPU.Build.0 = Debug|Any CPU
		{99ECAB89-0E35-4596-8A21-6919CED7B2AA}.Debug|ARM.ActiveCfg = Debug|Any CPU
		{99ECAB89-0E35-4596-8A21-6919CED7B2AA}.Debug|ARM.Build.0 = Debug|Any CPU
		{99ECAB89-0E35-4596-8A21-6919CED7B2AA}.Debug|ARM64.ActiveCfg = Debug|Any CPU
		{99ECAB89-0E35-4596-8A21-6919CED7B2AA}.Debug|ARM64.Build.0 = Debug|Any CPU
		{99ECAB89-0E35-4596-8A21-6919CED7B2AA}.Debug|x64.ActiveCfg = Debug|Any CPU
		{99ECAB89-0E35-4596-8A21-6919CED7B2AA}.Debug|x64.Build.0 = Debug|Any CPU
		{99ECAB89-0E35-4596-8A21-6919CED7B2AA}.Debug|x86.ActiveCfg = Debug|Any CPU
		{99ECAB89-0E35-4596-8A21-6919CED7B2AA}.Debug|x86.Build.0 = Debug|Any CPU
		{99ECAB89-0E35-4596-8A21-6919CED7B2AA}.Mock|Any CPU.ActiveCfg = Mock|Any CPU
		{99ECAB89-0E35-4596-8A21-6919CED7B2AA}.Mock|Any CPU.Build.0 = Mock|Any CPU
		{99ECAB89-0E35-4596-8A21-6919CED7B2AA}.Mock|ARM.ActiveCfg = Mock|Any CPU
		{99ECAB89-0E35-4596-8A21-6919CED7B2AA}.Mock|ARM.Build.0 = Mock|Any CPU
		{99ECAB89-0E35-4596-8A21-6919CED7B2AA}.Mock|ARM64.ActiveCfg = Mock|Any CPU
		{99ECAB89-0E35-4596-8A21-6919CED7B2AA}.Mock|ARM64.Build.0 = Mock|Any CPU
		{99ECAB89-0E35-4596-8A21-6919CED7B2AA}.Mock|x64.ActiveCfg = Mock|Any CPU
		{99ECAB89-0E35-4596-8A21-6919CED7B2AA}.Mock|x64.Build.0 = Mock|Any CPU
		{99ECAB89-0E35-4596-8A21-6919CED7B2AA}.Mock|x86.ActiveCfg = Mock|Any CPU
		{99ECAB89-0E35-4596-8A21-6919CED7B2AA}.Mock|x86.Build.0 = Mock|Any CPU
		{99ECAB89-0E35-4596-8A21-6919CED7B2AA}.Release|Any CPU.ActiveCfg = Release|Any CPU
		{99ECAB89-0E35-4596-8A21-6919CED7B2AA}.Release|Any CPU.Build.0 = Release|Any CPU
		{99ECAB89-0E35-4596-8A21-6919CED7B2AA}.Release|ARM.ActiveCfg = Release|Any CPU
		{99ECAB89-0E35-4596-8A21-6919CED7B2AA}.Release|ARM.Build.0 = Release|Any CPU
		{99ECAB89-0E35-4596-8A21-6919CED7B2AA}.Release|ARM64.ActiveCfg = Release|Any CPU
		{99ECAB89-0E35-4596-8A21-6919CED7B2AA}.Release|ARM64.Build.0 = Release|Any CPU
		{99ECAB89-0E35-4596-8A21-6919CED7B2AA}.Release|x64.ActiveCfg = Release|Any CPU
		{99ECAB89-0E35-4596-8A21-6919CED7B2AA}.Release|x64.Build.0 = Release|Any CPU
		{99ECAB89-0E35-4596-8A21-6919CED7B2AA}.Release|x86.ActiveCfg = Release|Any CPU
		{99ECAB89-0E35-4596-8A21-6919CED7B2AA}.Release|x86.Build.0 = Release|Any CPU
		{99ECAB89-0E35-4596-8A21-6919CED7B2AA}.Staging|Any CPU.ActiveCfg = Staging|Any CPU
		{99ECAB89-0E35-4596-8A21-6919CED7B2AA}.Staging|Any CPU.Build.0 = Staging|Any CPU
		{99ECAB89-0E35-4596-8A21-6919CED7B2AA}.Staging|ARM.ActiveCfg = Staging|Any CPU
		{99ECAB89-0E35-4596-8A21-6919CED7B2AA}.Staging|ARM.Build.0 = Staging|Any CPU
		{99ECAB89-0E35-4596-8A21-6919CED7B2AA}.Staging|ARM64.ActiveCfg = Staging|Any CPU
		{99ECAB89-0E35-4596-8A21-6919CED7B2AA}.Staging|ARM64.Build.0 = Staging|Any CPU
		{99ECAB89-0E35-4596-8A21-6919CED7B2AA}.Staging|x64.ActiveCfg = Staging|Any CPU
		{99ECAB89-0E35-4596-8A21-6919CED7B2AA}.Staging|x64.Build.0 = Staging|Any CPU
		{99ECAB89-0E35-4596-8A21-6919CED7B2AA}.Staging|x86.ActiveCfg = Staging|Any CPU
		{99ECAB89-0E35-4596-8A21-6919CED7B2AA}.Staging|x86.Build.0 = Staging|Any CPU
		{5B10889F-DDED-4FB0-9FDF-FF431E13B9AC}.Debug|Any CPU.ActiveCfg = Debug|Any CPU
		{5B10889F-DDED-4FB0-9FDF-FF431E13B9AC}.Debug|Any CPU.Build.0 = Debug|Any CPU
		{5B10889F-DDED-4FB0-9FDF-FF431E13B9AC}.Debug|ARM.ActiveCfg = Debug|Any CPU
		{5B10889F-DDED-4FB0-9FDF-FF431E13B9AC}.Debug|ARM.Build.0 = Debug|Any CPU
		{5B10889F-DDED-4FB0-9FDF-FF431E13B9AC}.Debug|ARM64.ActiveCfg = Debug|Any CPU
		{5B10889F-DDED-4FB0-9FDF-FF431E13B9AC}.Debug|ARM64.Build.0 = Debug|Any CPU
		{5B10889F-DDED-4FB0-9FDF-FF431E13B9AC}.Debug|x64.ActiveCfg = Debug|Any CPU
		{5B10889F-DDED-4FB0-9FDF-FF431E13B9AC}.Debug|x64.Build.0 = Debug|Any CPU
		{5B10889F-DDED-4FB0-9FDF-FF431E13B9AC}.Debug|x86.ActiveCfg = Debug|Any CPU
		{5B10889F-DDED-4FB0-9FDF-FF431E13B9AC}.Debug|x86.Build.0 = Debug|Any CPU
		{5B10889F-DDED-4FB0-9FDF-FF431E13B9AC}.Mock|Any CPU.ActiveCfg = Mock|Any CPU
		{5B10889F-DDED-4FB0-9FDF-FF431E13B9AC}.Mock|Any CPU.Build.0 = Mock|Any CPU
		{5B10889F-DDED-4FB0-9FDF-FF431E13B9AC}.Mock|ARM.ActiveCfg = Mock|Any CPU
		{5B10889F-DDED-4FB0-9FDF-FF431E13B9AC}.Mock|ARM.Build.0 = Mock|Any CPU
		{5B10889F-DDED-4FB0-9FDF-FF431E13B9AC}.Mock|ARM64.ActiveCfg = Mock|Any CPU
		{5B10889F-DDED-4FB0-9FDF-FF431E13B9AC}.Mock|ARM64.Build.0 = Mock|Any CPU
		{5B10889F-DDED-4FB0-9FDF-FF431E13B9AC}.Mock|x64.ActiveCfg = Mock|Any CPU
		{5B10889F-DDED-4FB0-9FDF-FF431E13B9AC}.Mock|x64.Build.0 = Mock|Any CPU
		{5B10889F-DDED-4FB0-9FDF-FF431E13B9AC}.Mock|x86.ActiveCfg = Mock|Any CPU
		{5B10889F-DDED-4FB0-9FDF-FF431E13B9AC}.Mock|x86.Build.0 = Mock|Any CPU
		{5B10889F-DDED-4FB0-9FDF-FF431E13B9AC}.Release|Any CPU.ActiveCfg = Release|Any CPU
		{5B10889F-DDED-4FB0-9FDF-FF431E13B9AC}.Release|Any CPU.Build.0 = Release|Any CPU
		{5B10889F-DDED-4FB0-9FDF-FF431E13B9AC}.Release|ARM.ActiveCfg = Release|Any CPU
		{5B10889F-DDED-4FB0-9FDF-FF431E13B9AC}.Release|ARM.Build.0 = Release|Any CPU
		{5B10889F-DDED-4FB0-9FDF-FF431E13B9AC}.Release|ARM64.ActiveCfg = Release|Any CPU
		{5B10889F-DDED-4FB0-9FDF-FF431E13B9AC}.Release|ARM64.Build.0 = Release|Any CPU
		{5B10889F-DDED-4FB0-9FDF-FF431E13B9AC}.Release|x64.ActiveCfg = Release|Any CPU
		{5B10889F-DDED-4FB0-9FDF-FF431E13B9AC}.Release|x64.Build.0 = Release|Any CPU
		{5B10889F-DDED-4FB0-9FDF-FF431E13B9AC}.Release|x86.ActiveCfg = Release|Any CPU
		{5B10889F-DDED-4FB0-9FDF-FF431E13B9AC}.Release|x86.Build.0 = Release|Any CPU
		{5B10889F-DDED-4FB0-9FDF-FF431E13B9AC}.Staging|Any CPU.ActiveCfg = Staging|Any CPU
		{5B10889F-DDED-4FB0-9FDF-FF431E13B9AC}.Staging|Any CPU.Build.0 = Staging|Any CPU
		{5B10889F-DDED-4FB0-9FDF-FF431E13B9AC}.Staging|ARM.ActiveCfg = Staging|Any CPU
		{5B10889F-DDED-4FB0-9FDF-FF431E13B9AC}.Staging|ARM.Build.0 = Staging|Any CPU
		{5B10889F-DDED-4FB0-9FDF-FF431E13B9AC}.Staging|ARM64.ActiveCfg = Staging|Any CPU
		{5B10889F-DDED-4FB0-9FDF-FF431E13B9AC}.Staging|ARM64.Build.0 = Staging|Any CPU
		{5B10889F-DDED-4FB0-9FDF-FF431E13B9AC}.Staging|x64.ActiveCfg = Staging|Any CPU
		{5B10889F-DDED-4FB0-9FDF-FF431E13B9AC}.Staging|x64.Build.0 = Staging|Any CPU
		{5B10889F-DDED-4FB0-9FDF-FF431E13B9AC}.Staging|x86.ActiveCfg = Staging|Any CPU
		{5B10889F-DDED-4FB0-9FDF-FF431E13B9AC}.Staging|x86.Build.0 = Staging|Any CPU
		{A8B2D046-24CA-4B04-BE42-6A472B9FD980}.Debug|Any CPU.ActiveCfg = Debug|Any CPU
		{A8B2D046-24CA-4B04-BE42-6A472B9FD980}.Debug|Any CPU.Build.0 = Debug|Any CPU
		{A8B2D046-24CA-4B04-BE42-6A472B9FD980}.Debug|ARM.ActiveCfg = Debug|Any CPU
		{A8B2D046-24CA-4B04-BE42-6A472B9FD980}.Debug|ARM.Build.0 = Debug|Any CPU
		{A8B2D046-24CA-4B04-BE42-6A472B9FD980}.Debug|ARM64.ActiveCfg = Debug|Any CPU
		{A8B2D046-24CA-4B04-BE42-6A472B9FD980}.Debug|ARM64.Build.0 = Debug|Any CPU
		{A8B2D046-24CA-4B04-BE42-6A472B9FD980}.Debug|x64.ActiveCfg = Debug|Any CPU
		{A8B2D046-24CA-4B04-BE42-6A472B9FD980}.Debug|x64.Build.0 = Debug|Any CPU
		{A8B2D046-24CA-4B04-BE42-6A472B9FD980}.Debug|x86.ActiveCfg = Debug|Any CPU
		{A8B2D046-24CA-4B04-BE42-6A472B9FD980}.Debug|x86.Build.0 = Debug|Any CPU
		{A8B2D046-24CA-4B04-BE42-6A472B9FD980}.Mock|Any CPU.ActiveCfg = Mock|Any CPU
		{A8B2D046-24CA-4B04-BE42-6A472B9FD980}.Mock|Any CPU.Build.0 = Mock|Any CPU
		{A8B2D046-24CA-4B04-BE42-6A472B9FD980}.Mock|ARM.ActiveCfg = Mock|Any CPU
		{A8B2D046-24CA-4B04-BE42-6A472B9FD980}.Mock|ARM.Build.0 = Mock|Any CPU
		{A8B2D046-24CA-4B04-BE42-6A472B9FD980}.Mock|ARM64.ActiveCfg = Mock|Any CPU
		{A8B2D046-24CA-4B04-BE42-6A472B9FD980}.Mock|ARM64.Build.0 = Mock|Any CPU
		{A8B2D046-24CA-4B04-BE42-6A472B9FD980}.Mock|x64.ActiveCfg = Mock|Any CPU
		{A8B2D046-24CA-4B04-BE42-6A472B9FD980}.Mock|x64.Build.0 = Mock|Any CPU
		{A8B2D046-24CA-4B04-BE42-6A472B9FD980}.Mock|x86.ActiveCfg = Mock|Any CPU
		{A8B2D046-24CA-4B04-BE42-6A472B9FD980}.Mock|x86.Build.0 = Mock|Any CPU
		{A8B2D046-24CA-4B04-BE42-6A472B9FD980}.Release|Any CPU.ActiveCfg = Release|Any CPU
		{A8B2D046-24CA-4B04-BE42-6A472B9FD980}.Release|Any CPU.Build.0 = Release|Any CPU
		{A8B2D046-24CA-4B04-BE42-6A472B9FD980}.Release|ARM.ActiveCfg = Release|Any CPU
		{A8B2D046-24CA-4B04-BE42-6A472B9FD980}.Release|ARM.Build.0 = Release|Any CPU
		{A8B2D046-24CA-4B04-BE42-6A472B9FD980}.Release|ARM64.ActiveCfg = Release|Any CPU
		{A8B2D046-24CA-4B04-BE42-6A472B9FD980}.Release|ARM64.Build.0 = Release|Any CPU
		{A8B2D046-24CA-4B04-BE42-6A472B9FD980}.Release|x64.ActiveCfg = Release|Any CPU
		{A8B2D046-24CA-4B04-BE42-6A472B9FD980}.Release|x64.Build.0 = Release|Any CPU
		{A8B2D046-24CA-4B04-BE42-6A472B9FD980}.Release|x86.ActiveCfg = Release|Any CPU
		{A8B2D046-24CA-4B04-BE42-6A472B9FD980}.Release|x86.Build.0 = Release|Any CPU
		{A8B2D046-24CA-4B04-BE42-6A472B9FD980}.Staging|Any CPU.ActiveCfg = Staging|Any CPU
		{A8B2D046-24CA-4B04-BE42-6A472B9FD980}.Staging|Any CPU.Build.0 = Staging|Any CPU
		{A8B2D046-24CA-4B04-BE42-6A472B9FD980}.Staging|ARM.ActiveCfg = Staging|Any CPU
		{A8B2D046-24CA-4B04-BE42-6A472B9FD980}.Staging|ARM.Build.0 = Staging|Any CPU
		{A8B2D046-24CA-4B04-BE42-6A472B9FD980}.Staging|ARM64.ActiveCfg = Staging|Any CPU
		{A8B2D046-24CA-4B04-BE42-6A472B9FD980}.Staging|ARM64.Build.0 = Staging|Any CPU
		{A8B2D046-24CA-4B04-BE42-6A472B9FD980}.Staging|x64.ActiveCfg = Staging|Any CPU
		{A8B2D046-24CA-4B04-BE42-6A472B9FD980}.Staging|x64.Build.0 = Staging|Any CPU
		{A8B2D046-24CA-4B04-BE42-6A472B9FD980}.Staging|x86.ActiveCfg = Staging|Any CPU
		{A8B2D046-24CA-4B04-BE42-6A472B9FD980}.Staging|x86.Build.0 = Staging|Any CPU
		{2B1848DF-64BE-4BA5-89A5-2FE66D49EBDB}.Debug|Any CPU.ActiveCfg = Debug|Any CPU
		{2B1848DF-64BE-4BA5-89A5-2FE66D49EBDB}.Debug|Any CPU.Build.0 = Debug|Any CPU
		{2B1848DF-64BE-4BA5-89A5-2FE66D49EBDB}.Debug|ARM.ActiveCfg = Debug|Any CPU
		{2B1848DF-64BE-4BA5-89A5-2FE66D49EBDB}.Debug|ARM.Build.0 = Debug|Any CPU
		{2B1848DF-64BE-4BA5-89A5-2FE66D49EBDB}.Debug|ARM64.ActiveCfg = Debug|Any CPU
		{2B1848DF-64BE-4BA5-89A5-2FE66D49EBDB}.Debug|ARM64.Build.0 = Debug|Any CPU
		{2B1848DF-64BE-4BA5-89A5-2FE66D49EBDB}.Debug|x64.ActiveCfg = Debug|Any CPU
		{2B1848DF-64BE-4BA5-89A5-2FE66D49EBDB}.Debug|x64.Build.0 = Debug|Any CPU
		{2B1848DF-64BE-4BA5-89A5-2FE66D49EBDB}.Debug|x86.ActiveCfg = Debug|Any CPU
		{2B1848DF-64BE-4BA5-89A5-2FE66D49EBDB}.Debug|x86.Build.0 = Debug|Any CPU
		{2B1848DF-64BE-4BA5-89A5-2FE66D49EBDB}.Mock|Any CPU.ActiveCfg = Mock|Any CPU
		{2B1848DF-64BE-4BA5-89A5-2FE66D49EBDB}.Mock|Any CPU.Build.0 = Mock|Any CPU
		{2B1848DF-64BE-4BA5-89A5-2FE66D49EBDB}.Mock|ARM.ActiveCfg = Mock|Any CPU
		{2B1848DF-64BE-4BA5-89A5-2FE66D49EBDB}.Mock|ARM.Build.0 = Mock|Any CPU
		{2B1848DF-64BE-4BA5-89A5-2FE66D49EBDB}.Mock|ARM64.ActiveCfg = Mock|Any CPU
		{2B1848DF-64BE-4BA5-89A5-2FE66D49EBDB}.Mock|ARM64.Build.0 = Mock|Any CPU
		{2B1848DF-64BE-4BA5-89A5-2FE66D49EBDB}.Mock|x64.ActiveCfg = Mock|Any CPU
		{2B1848DF-64BE-4BA5-89A5-2FE66D49EBDB}.Mock|x64.Build.0 = Mock|Any CPU
		{2B1848DF-64BE-4BA5-89A5-2FE66D49EBDB}.Mock|x86.ActiveCfg = Mock|Any CPU
		{2B1848DF-64BE-4BA5-89A5-2FE66D49EBDB}.Mock|x86.Build.0 = Mock|Any CPU
		{2B1848DF-64BE-4BA5-89A5-2FE66D49EBDB}.Release|Any CPU.ActiveCfg = Release|Any CPU
		{2B1848DF-64BE-4BA5-89A5-2FE66D49EBDB}.Release|Any CPU.Build.0 = Release|Any CPU
		{2B1848DF-64BE-4BA5-89A5-2FE66D49EBDB}.Release|ARM.ActiveCfg = Release|Any CPU
		{2B1848DF-64BE-4BA5-89A5-2FE66D49EBDB}.Release|ARM.Build.0 = Release|Any CPU
		{2B1848DF-64BE-4BA5-89A5-2FE66D49EBDB}.Release|ARM64.ActiveCfg = Release|Any CPU
		{2B1848DF-64BE-4BA5-89A5-2FE66D49EBDB}.Release|ARM64.Build.0 = Release|Any CPU
		{2B1848DF-64BE-4BA5-89A5-2FE66D49EBDB}.Release|x64.ActiveCfg = Release|Any CPU
		{2B1848DF-64BE-4BA5-89A5-2FE66D49EBDB}.Release|x64.Build.0 = Release|Any CPU
		{2B1848DF-64BE-4BA5-89A5-2FE66D49EBDB}.Release|x86.ActiveCfg = Release|Any CPU
		{2B1848DF-64BE-4BA5-89A5-2FE66D49EBDB}.Release|x86.Build.0 = Release|Any CPU
		{2B1848DF-64BE-4BA5-89A5-2FE66D49EBDB}.Staging|Any CPU.ActiveCfg = Staging|Any CPU
		{2B1848DF-64BE-4BA5-89A5-2FE66D49EBDB}.Staging|Any CPU.Build.0 = Staging|Any CPU
		{2B1848DF-64BE-4BA5-89A5-2FE66D49EBDB}.Staging|ARM.ActiveCfg = Staging|Any CPU
		{2B1848DF-64BE-4BA5-89A5-2FE66D49EBDB}.Staging|ARM.Build.0 = Staging|Any CPU
		{2B1848DF-64BE-4BA5-89A5-2FE66D49EBDB}.Staging|ARM64.ActiveCfg = Staging|Any CPU
		{2B1848DF-64BE-4BA5-89A5-2FE66D49EBDB}.Staging|ARM64.Build.0 = Staging|Any CPU
		{2B1848DF-64BE-4BA5-89A5-2FE66D49EBDB}.Staging|x64.ActiveCfg = Staging|Any CPU
		{2B1848DF-64BE-4BA5-89A5-2FE66D49EBDB}.Staging|x64.Build.0 = Staging|Any CPU
		{2B1848DF-64BE-4BA5-89A5-2FE66D49EBDB}.Staging|x86.ActiveCfg = Staging|Any CPU
		{2B1848DF-64BE-4BA5-89A5-2FE66D49EBDB}.Staging|x86.Build.0 = Staging|Any CPU
		{C0D5A8DF-AFFC-4342-BFA7-CD9C5D4BB943}.Debug|Any CPU.ActiveCfg = Debug|Any CPU
		{C0D5A8DF-AFFC-4342-BFA7-CD9C5D4BB943}.Debug|Any CPU.Build.0 = Debug|Any CPU
		{C0D5A8DF-AFFC-4342-BFA7-CD9C5D4BB943}.Debug|ARM.ActiveCfg = Debug|Any CPU
		{C0D5A8DF-AFFC-4342-BFA7-CD9C5D4BB943}.Debug|ARM.Build.0 = Debug|Any CPU
		{C0D5A8DF-AFFC-4342-BFA7-CD9C5D4BB943}.Debug|ARM64.ActiveCfg = Debug|Any CPU
		{C0D5A8DF-AFFC-4342-BFA7-CD9C5D4BB943}.Debug|ARM64.Build.0 = Debug|Any CPU
		{C0D5A8DF-AFFC-4342-BFA7-CD9C5D4BB943}.Debug|x64.ActiveCfg = Debug|Any CPU
		{C0D5A8DF-AFFC-4342-BFA7-CD9C5D4BB943}.Debug|x64.Build.0 = Debug|Any CPU
		{C0D5A8DF-AFFC-4342-BFA7-CD9C5D4BB943}.Debug|x86.ActiveCfg = Debug|Any CPU
		{C0D5A8DF-AFFC-4342-BFA7-CD9C5D4BB943}.Debug|x86.Build.0 = Debug|Any CPU
		{C0D5A8DF-AFFC-4342-BFA7-CD9C5D4BB943}.Mock|Any CPU.ActiveCfg = Mock|Any CPU
		{C0D5A8DF-AFFC-4342-BFA7-CD9C5D4BB943}.Mock|Any CPU.Build.0 = Mock|Any CPU
		{C0D5A8DF-AFFC-4342-BFA7-CD9C5D4BB943}.Mock|ARM.ActiveCfg = Mock|Any CPU
		{C0D5A8DF-AFFC-4342-BFA7-CD9C5D4BB943}.Mock|ARM.Build.0 = Mock|Any CPU
		{C0D5A8DF-AFFC-4342-BFA7-CD9C5D4BB943}.Mock|ARM64.ActiveCfg = Mock|Any CPU
		{C0D5A8DF-AFFC-4342-BFA7-CD9C5D4BB943}.Mock|ARM64.Build.0 = Mock|Any CPU
		{C0D5A8DF-AFFC-4342-BFA7-CD9C5D4BB943}.Mock|x64.ActiveCfg = Mock|Any CPU
		{C0D5A8DF-AFFC-4342-BFA7-CD9C5D4BB943}.Mock|x64.Build.0 = Mock|Any CPU
		{C0D5A8DF-AFFC-4342-BFA7-CD9C5D4BB943}.Mock|x86.ActiveCfg = Mock|Any CPU
		{C0D5A8DF-AFFC-4342-BFA7-CD9C5D4BB943}.Mock|x86.Build.0 = Mock|Any CPU
		{C0D5A8DF-AFFC-4342-BFA7-CD9C5D4BB943}.Release|Any CPU.ActiveCfg = Release|Any CPU
		{C0D5A8DF-AFFC-4342-BFA7-CD9C5D4BB943}.Release|Any CPU.Build.0 = Release|Any CPU
		{C0D5A8DF-AFFC-4342-BFA7-CD9C5D4BB943}.Release|ARM.ActiveCfg = Release|Any CPU
		{C0D5A8DF-AFFC-4342-BFA7-CD9C5D4BB943}.Release|ARM.Build.0 = Release|Any CPU
		{C0D5A8DF-AFFC-4342-BFA7-CD9C5D4BB943}.Release|ARM64.ActiveCfg = Release|Any CPU
		{C0D5A8DF-AFFC-4342-BFA7-CD9C5D4BB943}.Release|ARM64.Build.0 = Release|Any CPU
		{C0D5A8DF-AFFC-4342-BFA7-CD9C5D4BB943}.Release|x64.ActiveCfg = Release|Any CPU
		{C0D5A8DF-AFFC-4342-BFA7-CD9C5D4BB943}.Release|x64.Build.0 = Release|Any CPU
		{C0D5A8DF-AFFC-4342-BFA7-CD9C5D4BB943}.Release|x86.ActiveCfg = Release|Any CPU
		{C0D5A8DF-AFFC-4342-BFA7-CD9C5D4BB943}.Release|x86.Build.0 = Release|Any CPU
		{C0D5A8DF-AFFC-4342-BFA7-CD9C5D4BB943}.Staging|Any CPU.ActiveCfg = Staging|Any CPU
		{C0D5A8DF-AFFC-4342-BFA7-CD9C5D4BB943}.Staging|Any CPU.Build.0 = Staging|Any CPU
		{C0D5A8DF-AFFC-4342-BFA7-CD9C5D4BB943}.Staging|ARM.ActiveCfg = Staging|Any CPU
		{C0D5A8DF-AFFC-4342-BFA7-CD9C5D4BB943}.Staging|ARM.Build.0 = Staging|Any CPU
		{C0D5A8DF-AFFC-4342-BFA7-CD9C5D4BB943}.Staging|ARM64.ActiveCfg = Staging|Any CPU
		{C0D5A8DF-AFFC-4342-BFA7-CD9C5D4BB943}.Staging|ARM64.Build.0 = Staging|Any CPU
		{C0D5A8DF-AFFC-4342-BFA7-CD9C5D4BB943}.Staging|x64.ActiveCfg = Staging|Any CPU
		{C0D5A8DF-AFFC-4342-BFA7-CD9C5D4BB943}.Staging|x64.Build.0 = Staging|Any CPU
		{C0D5A8DF-AFFC-4342-BFA7-CD9C5D4BB943}.Staging|x86.ActiveCfg = Staging|Any CPU
		{C0D5A8DF-AFFC-4342-BFA7-CD9C5D4BB943}.Staging|x86.Build.0 = Staging|Any CPU
		{D3E8AB52-A23F-44C0-931F-F18027CA494C}.Debug|Any CPU.ActiveCfg = Debug|Any CPU
		{D3E8AB52-A23F-44C0-931F-F18027CA494C}.Debug|Any CPU.Build.0 = Debug|Any CPU
		{D3E8AB52-A23F-44C0-931F-F18027CA494C}.Debug|ARM.ActiveCfg = Debug|Any CPU
		{D3E8AB52-A23F-44C0-931F-F18027CA494C}.Debug|ARM.Build.0 = Debug|Any CPU
		{D3E8AB52-A23F-44C0-931F-F18027CA494C}.Debug|ARM64.ActiveCfg = Debug|Any CPU
		{D3E8AB52-A23F-44C0-931F-F18027CA494C}.Debug|ARM64.Build.0 = Debug|Any CPU
		{D3E8AB52-A23F-44C0-931F-F18027CA494C}.Debug|x64.ActiveCfg = Debug|Any CPU
		{D3E8AB52-A23F-44C0-931F-F18027CA494C}.Debug|x64.Build.0 = Debug|Any CPU
		{D3E8AB52-A23F-44C0-931F-F18027CA494C}.Debug|x86.ActiveCfg = Debug|Any CPU
		{D3E8AB52-A23F-44C0-931F-F18027CA494C}.Debug|x86.Build.0 = Debug|Any CPU
		{D3E8AB52-A23F-44C0-931F-F18027CA494C}.Mock|Any CPU.ActiveCfg = Mock|Any CPU
		{D3E8AB52-A23F-44C0-931F-F18027CA494C}.Mock|Any CPU.Build.0 = Mock|Any CPU
		{D3E8AB52-A23F-44C0-931F-F18027CA494C}.Mock|ARM.ActiveCfg = Mock|Any CPU
		{D3E8AB52-A23F-44C0-931F-F18027CA494C}.Mock|ARM.Build.0 = Mock|Any CPU
		{D3E8AB52-A23F-44C0-931F-F18027CA494C}.Mock|ARM64.ActiveCfg = Mock|Any CPU
		{D3E8AB52-A23F-44C0-931F-F18027CA494C}.Mock|ARM64.Build.0 = Mock|Any CPU
		{D3E8AB52-A23F-44C0-931F-F18027CA494C}.Mock|x64.ActiveCfg = Mock|Any CPU
		{D3E8AB52-A23F-44C0-931F-F18027CA494C}.Mock|x64.Build.0 = Mock|Any CPU
		{D3E8AB52-A23F-44C0-931F-F18027CA494C}.Mock|x86.ActiveCfg = Mock|Any CPU
		{D3E8AB52-A23F-44C0-931F-F18027CA494C}.Mock|x86.Build.0 = Mock|Any CPU
		{D3E8AB52-A23F-44C0-931F-F18027CA494C}.Release|Any CPU.ActiveCfg = Release|Any CPU
		{D3E8AB52-A23F-44C0-931F-F18027CA494C}.Release|Any CPU.Build.0 = Release|Any CPU
		{D3E8AB52-A23F-44C0-931F-F18027CA494C}.Release|ARM.ActiveCfg = Release|Any CPU
		{D3E8AB52-A23F-44C0-931F-F18027CA494C}.Release|ARM.Build.0 = Release|Any CPU
		{D3E8AB52-A23F-44C0-931F-F18027CA494C}.Release|ARM64.ActiveCfg = Release|Any CPU
		{D3E8AB52-A23F-44C0-931F-F18027CA494C}.Release|ARM64.Build.0 = Release|Any CPU
		{D3E8AB52-A23F-44C0-931F-F18027CA494C}.Release|x64.ActiveCfg = Release|Any CPU
		{D3E8AB52-A23F-44C0-931F-F18027CA494C}.Release|x64.Build.0 = Release|Any CPU
		{D3E8AB52-A23F-44C0-931F-F18027CA494C}.Release|x86.ActiveCfg = Release|Any CPU
		{D3E8AB52-A23F-44C0-931F-F18027CA494C}.Release|x86.Build.0 = Release|Any CPU
		{D3E8AB52-A23F-44C0-931F-F18027CA494C}.Staging|Any CPU.ActiveCfg = Staging|Any CPU
		{D3E8AB52-A23F-44C0-931F-F18027CA494C}.Staging|Any CPU.Build.0 = Staging|Any CPU
		{D3E8AB52-A23F-44C0-931F-F18027CA494C}.Staging|ARM.ActiveCfg = Staging|Any CPU
		{D3E8AB52-A23F-44C0-931F-F18027CA494C}.Staging|ARM.Build.0 = Staging|Any CPU
		{D3E8AB52-A23F-44C0-931F-F18027CA494C}.Staging|ARM64.ActiveCfg = Staging|Any CPU
		{D3E8AB52-A23F-44C0-931F-F18027CA494C}.Staging|ARM64.Build.0 = Staging|Any CPU
		{D3E8AB52-A23F-44C0-931F-F18027CA494C}.Staging|x64.ActiveCfg = Staging|Any CPU
		{D3E8AB52-A23F-44C0-931F-F18027CA494C}.Staging|x64.Build.0 = Staging|Any CPU
		{D3E8AB52-A23F-44C0-931F-F18027CA494C}.Staging|x86.ActiveCfg = Staging|Any CPU
		{D3E8AB52-A23F-44C0-931F-F18027CA494C}.Staging|x86.Build.0 = Staging|Any CPU
		{059D9464-8BA2-4473-BBD2-AC06CBB385CF}.Debug|Any CPU.ActiveCfg = Debug|Any CPU
		{059D9464-8BA2-4473-BBD2-AC06CBB385CF}.Debug|Any CPU.Build.0 = Debug|Any CPU
		{059D9464-8BA2-4473-BBD2-AC06CBB385CF}.Debug|Any CPU.Deploy.0 = Debug|Any CPU
		{059D9464-8BA2-4473-BBD2-AC06CBB385CF}.Debug|ARM.ActiveCfg = Debug|ARM
		{059D9464-8BA2-4473-BBD2-AC06CBB385CF}.Debug|ARM.Build.0 = Debug|ARM
		{059D9464-8BA2-4473-BBD2-AC06CBB385CF}.Debug|ARM.Deploy.0 = Debug|ARM
		{059D9464-8BA2-4473-BBD2-AC06CBB385CF}.Debug|ARM64.ActiveCfg = Debug|ARM64
		{059D9464-8BA2-4473-BBD2-AC06CBB385CF}.Debug|ARM64.Build.0 = Debug|ARM64
		{059D9464-8BA2-4473-BBD2-AC06CBB385CF}.Debug|ARM64.Deploy.0 = Debug|ARM64
		{059D9464-8BA2-4473-BBD2-AC06CBB385CF}.Debug|x64.ActiveCfg = Debug|x64
		{059D9464-8BA2-4473-BBD2-AC06CBB385CF}.Debug|x64.Build.0 = Debug|x64
		{059D9464-8BA2-4473-BBD2-AC06CBB385CF}.Debug|x64.Deploy.0 = Debug|x64
		{059D9464-8BA2-4473-BBD2-AC06CBB385CF}.Debug|x86.ActiveCfg = Debug|x86
		{059D9464-8BA2-4473-BBD2-AC06CBB385CF}.Debug|x86.Build.0 = Debug|x86
		{059D9464-8BA2-4473-BBD2-AC06CBB385CF}.Debug|x86.Deploy.0 = Debug|x86
		{059D9464-8BA2-4473-BBD2-AC06CBB385CF}.Mock|Any CPU.ActiveCfg = Mock|Any CPU
		{059D9464-8BA2-4473-BBD2-AC06CBB385CF}.Mock|Any CPU.Build.0 = Mock|Any CPU
		{059D9464-8BA2-4473-BBD2-AC06CBB385CF}.Mock|Any CPU.Deploy.0 = Mock|Any CPU
		{059D9464-8BA2-4473-BBD2-AC06CBB385CF}.Mock|ARM.ActiveCfg = Mock|ARM
		{059D9464-8BA2-4473-BBD2-AC06CBB385CF}.Mock|ARM.Build.0 = Mock|ARM
		{059D9464-8BA2-4473-BBD2-AC06CBB385CF}.Mock|ARM.Deploy.0 = Mock|ARM
		{059D9464-8BA2-4473-BBD2-AC06CBB385CF}.Mock|ARM64.ActiveCfg = Mock|ARM64
		{059D9464-8BA2-4473-BBD2-AC06CBB385CF}.Mock|ARM64.Build.0 = Mock|ARM64
		{059D9464-8BA2-4473-BBD2-AC06CBB385CF}.Mock|ARM64.Deploy.0 = Mock|ARM64
		{059D9464-8BA2-4473-BBD2-AC06CBB385CF}.Mock|x64.ActiveCfg = Mock|x64
		{059D9464-8BA2-4473-BBD2-AC06CBB385CF}.Mock|x64.Build.0 = Mock|x64
		{059D9464-8BA2-4473-BBD2-AC06CBB385CF}.Mock|x64.Deploy.0 = Mock|x64
		{059D9464-8BA2-4473-BBD2-AC06CBB385CF}.Mock|x86.ActiveCfg = Mock|x86
		{059D9464-8BA2-4473-BBD2-AC06CBB385CF}.Mock|x86.Build.0 = Mock|x86
		{059D9464-8BA2-4473-BBD2-AC06CBB385CF}.Mock|x86.Deploy.0 = Mock|x86
		{059D9464-8BA2-4473-BBD2-AC06CBB385CF}.Release|Any CPU.ActiveCfg = Release|Any CPU
		{059D9464-8BA2-4473-BBD2-AC06CBB385CF}.Release|Any CPU.Build.0 = Release|Any CPU
		{059D9464-8BA2-4473-BBD2-AC06CBB385CF}.Release|Any CPU.Deploy.0 = Release|Any CPU
		{059D9464-8BA2-4473-BBD2-AC06CBB385CF}.Release|ARM.ActiveCfg = Release|ARM
		{059D9464-8BA2-4473-BBD2-AC06CBB385CF}.Release|ARM.Build.0 = Release|ARM
		{059D9464-8BA2-4473-BBD2-AC06CBB385CF}.Release|ARM.Deploy.0 = Release|ARM
		{059D9464-8BA2-4473-BBD2-AC06CBB385CF}.Release|ARM64.ActiveCfg = Release|ARM64
		{059D9464-8BA2-4473-BBD2-AC06CBB385CF}.Release|ARM64.Build.0 = Release|ARM64
		{059D9464-8BA2-4473-BBD2-AC06CBB385CF}.Release|ARM64.Deploy.0 = Release|ARM64
		{059D9464-8BA2-4473-BBD2-AC06CBB385CF}.Release|x64.ActiveCfg = Release|x64
		{059D9464-8BA2-4473-BBD2-AC06CBB385CF}.Release|x64.Build.0 = Release|x64
		{059D9464-8BA2-4473-BBD2-AC06CBB385CF}.Release|x64.Deploy.0 = Release|x64
		{059D9464-8BA2-4473-BBD2-AC06CBB385CF}.Release|x86.ActiveCfg = Release|x86
		{059D9464-8BA2-4473-BBD2-AC06CBB385CF}.Release|x86.Build.0 = Release|x86
		{059D9464-8BA2-4473-BBD2-AC06CBB385CF}.Release|x86.Deploy.0 = Release|x86
		{059D9464-8BA2-4473-BBD2-AC06CBB385CF}.Staging|Any CPU.ActiveCfg = Staging|Any CPU
		{059D9464-8BA2-4473-BBD2-AC06CBB385CF}.Staging|Any CPU.Build.0 = Staging|Any CPU
		{059D9464-8BA2-4473-BBD2-AC06CBB385CF}.Staging|Any CPU.Deploy.0 = Staging|Any CPU
		{059D9464-8BA2-4473-BBD2-AC06CBB385CF}.Staging|ARM.ActiveCfg = Staging|ARM
		{059D9464-8BA2-4473-BBD2-AC06CBB385CF}.Staging|ARM.Build.0 = Staging|ARM
		{059D9464-8BA2-4473-BBD2-AC06CBB385CF}.Staging|ARM.Deploy.0 = Staging|ARM
		{059D9464-8BA2-4473-BBD2-AC06CBB385CF}.Staging|ARM64.ActiveCfg = Staging|ARM64
		{059D9464-8BA2-4473-BBD2-AC06CBB385CF}.Staging|ARM64.Build.0 = Staging|ARM64
		{059D9464-8BA2-4473-BBD2-AC06CBB385CF}.Staging|ARM64.Deploy.0 = Staging|ARM64
		{059D9464-8BA2-4473-BBD2-AC06CBB385CF}.Staging|x64.ActiveCfg = Staging|x64
		{059D9464-8BA2-4473-BBD2-AC06CBB385CF}.Staging|x64.Build.0 = Staging|x64
		{059D9464-8BA2-4473-BBD2-AC06CBB385CF}.Staging|x64.Deploy.0 = Staging|x64
		{059D9464-8BA2-4473-BBD2-AC06CBB385CF}.Staging|x86.ActiveCfg = Staging|x86
		{059D9464-8BA2-4473-BBD2-AC06CBB385CF}.Staging|x86.Build.0 = Staging|x86
		{059D9464-8BA2-4473-BBD2-AC06CBB385CF}.Staging|x86.Deploy.0 = Staging|x86
		{843D21D6-C01F-4A98-ADE9-CF8C0E877613}.Debug|Any CPU.ActiveCfg = Debug|Any CPU
		{843D21D6-C01F-4A98-ADE9-CF8C0E877613}.Debug|Any CPU.Build.0 = Debug|Any CPU
		{843D21D6-C01F-4A98-ADE9-CF8C0E877613}.Debug|ARM.ActiveCfg = Debug|Any CPU
		{843D21D6-C01F-4A98-ADE9-CF8C0E877613}.Debug|ARM.Build.0 = Debug|Any CPU
		{843D21D6-C01F-4A98-ADE9-CF8C0E877613}.Debug|ARM64.ActiveCfg = Debug|Any CPU
		{843D21D6-C01F-4A98-ADE9-CF8C0E877613}.Debug|ARM64.Build.0 = Debug|Any CPU
		{843D21D6-C01F-4A98-ADE9-CF8C0E877613}.Debug|x64.ActiveCfg = Debug|Any CPU
		{843D21D6-C01F-4A98-ADE9-CF8C0E877613}.Debug|x64.Build.0 = Debug|Any CPU
		{843D21D6-C01F-4A98-ADE9-CF8C0E877613}.Debug|x86.ActiveCfg = Debug|Any CPU
		{843D21D6-C01F-4A98-ADE9-CF8C0E877613}.Debug|x86.Build.0 = Debug|Any CPU
		{843D21D6-C01F-4A98-ADE9-CF8C0E877613}.Mock|Any CPU.ActiveCfg = Mock|Any CPU
		{843D21D6-C01F-4A98-ADE9-CF8C0E877613}.Mock|Any CPU.Build.0 = Mock|Any CPU
		{843D21D6-C01F-4A98-ADE9-CF8C0E877613}.Mock|ARM.ActiveCfg = Mock|Any CPU
		{843D21D6-C01F-4A98-ADE9-CF8C0E877613}.Mock|ARM.Build.0 = Mock|Any CPU
		{843D21D6-C01F-4A98-ADE9-CF8C0E877613}.Mock|ARM64.ActiveCfg = Mock|Any CPU
		{843D21D6-C01F-4A98-ADE9-CF8C0E877613}.Mock|ARM64.Build.0 = Mock|Any CPU
		{843D21D6-C01F-4A98-ADE9-CF8C0E877613}.Mock|x64.ActiveCfg = Mock|Any CPU
		{843D21D6-C01F-4A98-ADE9-CF8C0E877613}.Mock|x64.Build.0 = Mock|Any CPU
		{843D21D6-C01F-4A98-ADE9-CF8C0E877613}.Mock|x86.ActiveCfg = Mock|Any CPU
		{843D21D6-C01F-4A98-ADE9-CF8C0E877613}.Mock|x86.Build.0 = Mock|Any CPU
		{843D21D6-C01F-4A98-ADE9-CF8C0E877613}.Release|Any CPU.ActiveCfg = Release|Any CPU
		{843D21D6-C01F-4A98-ADE9-CF8C0E877613}.Release|Any CPU.Build.0 = Release|Any CPU
		{843D21D6-C01F-4A98-ADE9-CF8C0E877613}.Release|ARM.ActiveCfg = Release|Any CPU
		{843D21D6-C01F-4A98-ADE9-CF8C0E877613}.Release|ARM.Build.0 = Release|Any CPU
		{843D21D6-C01F-4A98-ADE9-CF8C0E877613}.Release|ARM64.ActiveCfg = Release|Any CPU
		{843D21D6-C01F-4A98-ADE9-CF8C0E877613}.Release|ARM64.Build.0 = Release|Any CPU
		{843D21D6-C01F-4A98-ADE9-CF8C0E877613}.Release|x64.ActiveCfg = Release|Any CPU
		{843D21D6-C01F-4A98-ADE9-CF8C0E877613}.Release|x64.Build.0 = Release|Any CPU
		{843D21D6-C01F-4A98-ADE9-CF8C0E877613}.Release|x86.ActiveCfg = Release|Any CPU
		{843D21D6-C01F-4A98-ADE9-CF8C0E877613}.Release|x86.Build.0 = Release|Any CPU
		{843D21D6-C01F-4A98-ADE9-CF8C0E877613}.Staging|Any CPU.ActiveCfg = Staging|Any CPU
		{843D21D6-C01F-4A98-ADE9-CF8C0E877613}.Staging|Any CPU.Build.0 = Staging|Any CPU
		{843D21D6-C01F-4A98-ADE9-CF8C0E877613}.Staging|ARM.ActiveCfg = Staging|Any CPU
		{843D21D6-C01F-4A98-ADE9-CF8C0E877613}.Staging|ARM.Build.0 = Staging|Any CPU
		{843D21D6-C01F-4A98-ADE9-CF8C0E877613}.Staging|ARM64.ActiveCfg = Staging|Any CPU
		{843D21D6-C01F-4A98-ADE9-CF8C0E877613}.Staging|ARM64.Build.0 = Staging|Any CPU
		{843D21D6-C01F-4A98-ADE9-CF8C0E877613}.Staging|x64.ActiveCfg = Staging|Any CPU
		{843D21D6-C01F-4A98-ADE9-CF8C0E877613}.Staging|x64.Build.0 = Staging|Any CPU
		{843D21D6-C01F-4A98-ADE9-CF8C0E877613}.Staging|x86.ActiveCfg = Staging|Any CPU
		{843D21D6-C01F-4A98-ADE9-CF8C0E877613}.Staging|x86.Build.0 = Staging|Any CPU
		{A7DBE4DB-D0DA-4E96-B716-23F02D6EF51C}.Debug|Any CPU.ActiveCfg = Debug|Any CPU
		{A7DBE4DB-D0DA-4E96-B716-23F02D6EF51C}.Debug|Any CPU.Build.0 = Debug|Any CPU
		{A7DBE4DB-D0DA-4E96-B716-23F02D6EF51C}.Debug|ARM.ActiveCfg = Debug|Any CPU
		{A7DBE4DB-D0DA-4E96-B716-23F02D6EF51C}.Debug|ARM.Build.0 = Debug|Any CPU
		{A7DBE4DB-D0DA-4E96-B716-23F02D6EF51C}.Debug|ARM64.ActiveCfg = Debug|Any CPU
		{A7DBE4DB-D0DA-4E96-B716-23F02D6EF51C}.Debug|ARM64.Build.0 = Debug|Any CPU
		{A7DBE4DB-D0DA-4E96-B716-23F02D6EF51C}.Debug|x64.ActiveCfg = Debug|Any CPU
		{A7DBE4DB-D0DA-4E96-B716-23F02D6EF51C}.Debug|x64.Build.0 = Debug|Any CPU
		{A7DBE4DB-D0DA-4E96-B716-23F02D6EF51C}.Debug|x86.ActiveCfg = Debug|Any CPU
		{A7DBE4DB-D0DA-4E96-B716-23F02D6EF51C}.Debug|x86.Build.0 = Debug|Any CPU
		{A7DBE4DB-D0DA-4E96-B716-23F02D6EF51C}.Mock|Any CPU.ActiveCfg = Mock|Any CPU
		{A7DBE4DB-D0DA-4E96-B716-23F02D6EF51C}.Mock|Any CPU.Build.0 = Mock|Any CPU
		{A7DBE4DB-D0DA-4E96-B716-23F02D6EF51C}.Mock|ARM.ActiveCfg = Mock|Any CPU
		{A7DBE4DB-D0DA-4E96-B716-23F02D6EF51C}.Mock|ARM.Build.0 = Mock|Any CPU
		{A7DBE4DB-D0DA-4E96-B716-23F02D6EF51C}.Mock|ARM64.ActiveCfg = Mock|Any CPU
		{A7DBE4DB-D0DA-4E96-B716-23F02D6EF51C}.Mock|ARM64.Build.0 = Mock|Any CPU
		{A7DBE4DB-D0DA-4E96-B716-23F02D6EF51C}.Mock|x64.ActiveCfg = Mock|Any CPU
		{A7DBE4DB-D0DA-4E96-B716-23F02D6EF51C}.Mock|x64.Build.0 = Mock|Any CPU
		{A7DBE4DB-D0DA-4E96-B716-23F02D6EF51C}.Mock|x86.ActiveCfg = Mock|Any CPU
		{A7DBE4DB-D0DA-4E96-B716-23F02D6EF51C}.Mock|x86.Build.0 = Mock|Any CPU
		{A7DBE4DB-D0DA-4E96-B716-23F02D6EF51C}.Release|Any CPU.ActiveCfg = Release|Any CPU
		{A7DBE4DB-D0DA-4E96-B716-23F02D6EF51C}.Release|Any CPU.Build.0 = Release|Any CPU
		{A7DBE4DB-D0DA-4E96-B716-23F02D6EF51C}.Release|ARM.ActiveCfg = Release|Any CPU
		{A7DBE4DB-D0DA-4E96-B716-23F02D6EF51C}.Release|ARM.Build.0 = Release|Any CPU
		{A7DBE4DB-D0DA-4E96-B716-23F02D6EF51C}.Release|ARM64.ActiveCfg = Release|Any CPU
		{A7DBE4DB-D0DA-4E96-B716-23F02D6EF51C}.Release|ARM64.Build.0 = Release|Any CPU
		{A7DBE4DB-D0DA-4E96-B716-23F02D6EF51C}.Release|x64.ActiveCfg = Release|Any CPU
		{A7DBE4DB-D0DA-4E96-B716-23F02D6EF51C}.Release|x64.Build.0 = Release|Any CPU
		{A7DBE4DB-D0DA-4E96-B716-23F02D6EF51C}.Release|x86.ActiveCfg = Release|Any CPU
		{A7DBE4DB-D0DA-4E96-B716-23F02D6EF51C}.Release|x86.Build.0 = Release|Any CPU
		{A7DBE4DB-D0DA-4E96-B716-23F02D6EF51C}.Staging|Any CPU.ActiveCfg = Staging|Any CPU
		{A7DBE4DB-D0DA-4E96-B716-23F02D6EF51C}.Staging|Any CPU.Build.0 = Staging|Any CPU
		{A7DBE4DB-D0DA-4E96-B716-23F02D6EF51C}.Staging|ARM.ActiveCfg = Staging|Any CPU
		{A7DBE4DB-D0DA-4E96-B716-23F02D6EF51C}.Staging|ARM.Build.0 = Staging|Any CPU
		{A7DBE4DB-D0DA-4E96-B716-23F02D6EF51C}.Staging|ARM64.ActiveCfg = Staging|Any CPU
		{A7DBE4DB-D0DA-4E96-B716-23F02D6EF51C}.Staging|ARM64.Build.0 = Staging|Any CPU
		{A7DBE4DB-D0DA-4E96-B716-23F02D6EF51C}.Staging|x64.ActiveCfg = Staging|Any CPU
		{A7DBE4DB-D0DA-4E96-B716-23F02D6EF51C}.Staging|x64.Build.0 = Staging|Any CPU
		{A7DBE4DB-D0DA-4E96-B716-23F02D6EF51C}.Staging|x86.ActiveCfg = Staging|Any CPU
		{A7DBE4DB-D0DA-4E96-B716-23F02D6EF51C}.Staging|x86.Build.0 = Staging|Any CPU
		{C9E4BF72-23E2-4C24-8746-DB825B4F8579}.Debug|Any CPU.ActiveCfg = Debug|Any CPU
		{C9E4BF72-23E2-4C24-8746-DB825B4F8579}.Debug|Any CPU.Build.0 = Debug|Any CPU
		{C9E4BF72-23E2-4C24-8746-DB825B4F8579}.Debug|ARM.ActiveCfg = Debug|Any CPU
		{C9E4BF72-23E2-4C24-8746-DB825B4F8579}.Debug|ARM.Build.0 = Debug|Any CPU
		{C9E4BF72-23E2-4C24-8746-DB825B4F8579}.Debug|ARM64.ActiveCfg = Debug|Any CPU
		{C9E4BF72-23E2-4C24-8746-DB825B4F8579}.Debug|ARM64.Build.0 = Debug|Any CPU
		{C9E4BF72-23E2-4C24-8746-DB825B4F8579}.Debug|x64.ActiveCfg = Debug|Any CPU
		{C9E4BF72-23E2-4C24-8746-DB825B4F8579}.Debug|x64.Build.0 = Debug|Any CPU
		{C9E4BF72-23E2-4C24-8746-DB825B4F8579}.Debug|x86.ActiveCfg = Debug|Any CPU
		{C9E4BF72-23E2-4C24-8746-DB825B4F8579}.Debug|x86.Build.0 = Debug|Any CPU
		{C9E4BF72-23E2-4C24-8746-DB825B4F8579}.Mock|Any CPU.ActiveCfg = Mock|Any CPU
		{C9E4BF72-23E2-4C24-8746-DB825B4F8579}.Mock|Any CPU.Build.0 = Mock|Any CPU
		{C9E4BF72-23E2-4C24-8746-DB825B4F8579}.Mock|ARM.ActiveCfg = Mock|Any CPU
		{C9E4BF72-23E2-4C24-8746-DB825B4F8579}.Mock|ARM.Build.0 = Mock|Any CPU
		{C9E4BF72-23E2-4C24-8746-DB825B4F8579}.Mock|ARM64.ActiveCfg = Mock|Any CPU
		{C9E4BF72-23E2-4C24-8746-DB825B4F8579}.Mock|ARM64.Build.0 = Mock|Any CPU
		{C9E4BF72-23E2-4C24-8746-DB825B4F8579}.Mock|x64.ActiveCfg = Mock|Any CPU
		{C9E4BF72-23E2-4C24-8746-DB825B4F8579}.Mock|x64.Build.0 = Mock|Any CPU
		{C9E4BF72-23E2-4C24-8746-DB825B4F8579}.Mock|x86.ActiveCfg = Mock|Any CPU
		{C9E4BF72-23E2-4C24-8746-DB825B4F8579}.Mock|x86.Build.0 = Mock|Any CPU
		{C9E4BF72-23E2-4C24-8746-DB825B4F8579}.Release|Any CPU.ActiveCfg = Release|Any CPU
		{C9E4BF72-23E2-4C24-8746-DB825B4F8579}.Release|Any CPU.Build.0 = Release|Any CPU
		{C9E4BF72-23E2-4C24-8746-DB825B4F8579}.Release|ARM.ActiveCfg = Release|Any CPU
		{C9E4BF72-23E2-4C24-8746-DB825B4F8579}.Release|ARM.Build.0 = Release|Any CPU
		{C9E4BF72-23E2-4C24-8746-DB825B4F8579}.Release|ARM64.ActiveCfg = Release|Any CPU
		{C9E4BF72-23E2-4C24-8746-DB825B4F8579}.Release|ARM64.Build.0 = Release|Any CPU
		{C9E4BF72-23E2-4C24-8746-DB825B4F8579}.Release|x64.ActiveCfg = Release|Any CPU
		{C9E4BF72-23E2-4C24-8746-DB825B4F8579}.Release|x64.Build.0 = Release|Any CPU
		{C9E4BF72-23E2-4C24-8746-DB825B4F8579}.Release|x86.ActiveCfg = Release|Any CPU
		{C9E4BF72-23E2-4C24-8746-DB825B4F8579}.Release|x86.Build.0 = Release|Any CPU
		{C9E4BF72-23E2-4C24-8746-DB825B4F8579}.Staging|Any CPU.ActiveCfg = Staging|Any CPU
		{C9E4BF72-23E2-4C24-8746-DB825B4F8579}.Staging|Any CPU.Build.0 = Staging|Any CPU
		{C9E4BF72-23E2-4C24-8746-DB825B4F8579}.Staging|ARM.ActiveCfg = Staging|Any CPU
		{C9E4BF72-23E2-4C24-8746-DB825B4F8579}.Staging|ARM.Build.0 = Staging|Any CPU
		{C9E4BF72-23E2-4C24-8746-DB825B4F8579}.Staging|ARM64.ActiveCfg = Staging|Any CPU
		{C9E4BF72-23E2-4C24-8746-DB825B4F8579}.Staging|ARM64.Build.0 = Staging|Any CPU
		{C9E4BF72-23E2-4C24-8746-DB825B4F8579}.Staging|x64.ActiveCfg = Staging|Any CPU
		{C9E4BF72-23E2-4C24-8746-DB825B4F8579}.Staging|x64.Build.0 = Staging|Any CPU
		{C9E4BF72-23E2-4C24-8746-DB825B4F8579}.Staging|x86.ActiveCfg = Staging|Any CPU
		{C9E4BF72-23E2-4C24-8746-DB825B4F8579}.Staging|x86.Build.0 = Staging|Any CPU
		{EDBC6BD9-F0EC-44A5-BB0D-499C8B86B7CF}.Debug|Any CPU.ActiveCfg = Debug|Any CPU
		{EDBC6BD9-F0EC-44A5-BB0D-499C8B86B7CF}.Debug|Any CPU.Build.0 = Debug|Any CPU
		{EDBC6BD9-F0EC-44A5-BB0D-499C8B86B7CF}.Debug|ARM.ActiveCfg = Debug|Any CPU
		{EDBC6BD9-F0EC-44A5-BB0D-499C8B86B7CF}.Debug|ARM.Build.0 = Debug|Any CPU
		{EDBC6BD9-F0EC-44A5-BB0D-499C8B86B7CF}.Debug|ARM64.ActiveCfg = Debug|Any CPU
		{EDBC6BD9-F0EC-44A5-BB0D-499C8B86B7CF}.Debug|ARM64.Build.0 = Debug|Any CPU
		{EDBC6BD9-F0EC-44A5-BB0D-499C8B86B7CF}.Debug|x64.ActiveCfg = Debug|Any CPU
		{EDBC6BD9-F0EC-44A5-BB0D-499C8B86B7CF}.Debug|x64.Build.0 = Debug|Any CPU
		{EDBC6BD9-F0EC-44A5-BB0D-499C8B86B7CF}.Debug|x86.ActiveCfg = Debug|Any CPU
		{EDBC6BD9-F0EC-44A5-BB0D-499C8B86B7CF}.Debug|x86.Build.0 = Debug|Any CPU
		{EDBC6BD9-F0EC-44A5-BB0D-499C8B86B7CF}.Mock|Any CPU.ActiveCfg = Mock|Any CPU
		{EDBC6BD9-F0EC-44A5-BB0D-499C8B86B7CF}.Mock|Any CPU.Build.0 = Mock|Any CPU
		{EDBC6BD9-F0EC-44A5-BB0D-499C8B86B7CF}.Mock|ARM.ActiveCfg = Mock|Any CPU
		{EDBC6BD9-F0EC-44A5-BB0D-499C8B86B7CF}.Mock|ARM.Build.0 = Mock|Any CPU
		{EDBC6BD9-F0EC-44A5-BB0D-499C8B86B7CF}.Mock|ARM64.ActiveCfg = Mock|Any CPU
		{EDBC6BD9-F0EC-44A5-BB0D-499C8B86B7CF}.Mock|ARM64.Build.0 = Mock|Any CPU
		{EDBC6BD9-F0EC-44A5-BB0D-499C8B86B7CF}.Mock|x64.ActiveCfg = Mock|Any CPU
		{EDBC6BD9-F0EC-44A5-BB0D-499C8B86B7CF}.Mock|x64.Build.0 = Mock|Any CPU
		{EDBC6BD9-F0EC-44A5-BB0D-499C8B86B7CF}.Mock|x86.ActiveCfg = Mock|Any CPU
		{EDBC6BD9-F0EC-44A5-BB0D-499C8B86B7CF}.Mock|x86.Build.0 = Mock|Any CPU
		{EDBC6BD9-F0EC-44A5-BB0D-499C8B86B7CF}.Release|Any CPU.ActiveCfg = Release|Any CPU
		{EDBC6BD9-F0EC-44A5-BB0D-499C8B86B7CF}.Release|Any CPU.Build.0 = Release|Any CPU
		{EDBC6BD9-F0EC-44A5-BB0D-499C8B86B7CF}.Release|ARM.ActiveCfg = Release|Any CPU
		{EDBC6BD9-F0EC-44A5-BB0D-499C8B86B7CF}.Release|ARM.Build.0 = Release|Any CPU
		{EDBC6BD9-F0EC-44A5-BB0D-499C8B86B7CF}.Release|ARM64.ActiveCfg = Release|Any CPU
		{EDBC6BD9-F0EC-44A5-BB0D-499C8B86B7CF}.Release|ARM64.Build.0 = Release|Any CPU
		{EDBC6BD9-F0EC-44A5-BB0D-499C8B86B7CF}.Release|x64.ActiveCfg = Release|Any CPU
		{EDBC6BD9-F0EC-44A5-BB0D-499C8B86B7CF}.Release|x64.Build.0 = Release|Any CPU
		{EDBC6BD9-F0EC-44A5-BB0D-499C8B86B7CF}.Release|x86.ActiveCfg = Release|Any CPU
		{EDBC6BD9-F0EC-44A5-BB0D-499C8B86B7CF}.Release|x86.Build.0 = Release|Any CPU
		{EDBC6BD9-F0EC-44A5-BB0D-499C8B86B7CF}.Staging|Any CPU.ActiveCfg = Staging|Any CPU
		{EDBC6BD9-F0EC-44A5-BB0D-499C8B86B7CF}.Staging|Any CPU.Build.0 = Staging|Any CPU
		{EDBC6BD9-F0EC-44A5-BB0D-499C8B86B7CF}.Staging|ARM.ActiveCfg = Staging|Any CPU
		{EDBC6BD9-F0EC-44A5-BB0D-499C8B86B7CF}.Staging|ARM.Build.0 = Staging|Any CPU
		{EDBC6BD9-F0EC-44A5-BB0D-499C8B86B7CF}.Staging|ARM64.ActiveCfg = Staging|Any CPU
		{EDBC6BD9-F0EC-44A5-BB0D-499C8B86B7CF}.Staging|ARM64.Build.0 = Staging|Any CPU
		{EDBC6BD9-F0EC-44A5-BB0D-499C8B86B7CF}.Staging|x64.ActiveCfg = Staging|Any CPU
		{EDBC6BD9-F0EC-44A5-BB0D-499C8B86B7CF}.Staging|x64.Build.0 = Staging|Any CPU
		{EDBC6BD9-F0EC-44A5-BB0D-499C8B86B7CF}.Staging|x86.ActiveCfg = Staging|Any CPU
		{EDBC6BD9-F0EC-44A5-BB0D-499C8B86B7CF}.Staging|x86.Build.0 = Staging|Any CPU
		{10A935AA-7AE8-4051-9E34-40603F3E9CA7}.Debug|Any CPU.ActiveCfg = Debug|Any CPU
		{10A935AA-7AE8-4051-9E34-40603F3E9CA7}.Debug|Any CPU.Build.0 = Debug|Any CPU
		{10A935AA-7AE8-4051-9E34-40603F3E9CA7}.Debug|ARM.ActiveCfg = Debug|Any CPU
		{10A935AA-7AE8-4051-9E34-40603F3E9CA7}.Debug|ARM.Build.0 = Debug|Any CPU
		{10A935AA-7AE8-4051-9E34-40603F3E9CA7}.Debug|ARM64.ActiveCfg = Debug|Any CPU
		{10A935AA-7AE8-4051-9E34-40603F3E9CA7}.Debug|ARM64.Build.0 = Debug|Any CPU
		{10A935AA-7AE8-4051-9E34-40603F3E9CA7}.Debug|x64.ActiveCfg = Debug|Any CPU
		{10A935AA-7AE8-4051-9E34-40603F3E9CA7}.Debug|x64.Build.0 = Debug|Any CPU
		{10A935AA-7AE8-4051-9E34-40603F3E9CA7}.Debug|x86.ActiveCfg = Debug|Any CPU
		{10A935AA-7AE8-4051-9E34-40603F3E9CA7}.Debug|x86.Build.0 = Debug|Any CPU
		{10A935AA-7AE8-4051-9E34-40603F3E9CA7}.Mock|Any CPU.ActiveCfg = Mock|Any CPU
		{10A935AA-7AE8-4051-9E34-40603F3E9CA7}.Mock|Any CPU.Build.0 = Mock|Any CPU
		{10A935AA-7AE8-4051-9E34-40603F3E9CA7}.Mock|ARM.ActiveCfg = Mock|Any CPU
		{10A935AA-7AE8-4051-9E34-40603F3E9CA7}.Mock|ARM.Build.0 = Mock|Any CPU
		{10A935AA-7AE8-4051-9E34-40603F3E9CA7}.Mock|ARM64.ActiveCfg = Mock|Any CPU
		{10A935AA-7AE8-4051-9E34-40603F3E9CA7}.Mock|ARM64.Build.0 = Mock|Any CPU
		{10A935AA-7AE8-4051-9E34-40603F3E9CA7}.Mock|x64.ActiveCfg = Mock|Any CPU
		{10A935AA-7AE8-4051-9E34-40603F3E9CA7}.Mock|x64.Build.0 = Mock|Any CPU
		{10A935AA-7AE8-4051-9E34-40603F3E9CA7}.Mock|x86.ActiveCfg = Mock|Any CPU
		{10A935AA-7AE8-4051-9E34-40603F3E9CA7}.Mock|x86.Build.0 = Mock|Any CPU
		{10A935AA-7AE8-4051-9E34-40603F3E9CA7}.Release|Any CPU.ActiveCfg = Release|Any CPU
		{10A935AA-7AE8-4051-9E34-40603F3E9CA7}.Release|Any CPU.Build.0 = Release|Any CPU
		{10A935AA-7AE8-4051-9E34-40603F3E9CA7}.Release|ARM.ActiveCfg = Release|Any CPU
		{10A935AA-7AE8-4051-9E34-40603F3E9CA7}.Release|ARM.Build.0 = Release|Any CPU
		{10A935AA-7AE8-4051-9E34-40603F3E9CA7}.Release|ARM64.ActiveCfg = Release|Any CPU
		{10A935AA-7AE8-4051-9E34-40603F3E9CA7}.Release|ARM64.Build.0 = Release|Any CPU
		{10A935AA-7AE8-4051-9E34-40603F3E9CA7}.Release|x64.ActiveCfg = Release|Any CPU
		{10A935AA-7AE8-4051-9E34-40603F3E9CA7}.Release|x64.Build.0 = Release|Any CPU
		{10A935AA-7AE8-4051-9E34-40603F3E9CA7}.Release|x86.ActiveCfg = Release|Any CPU
		{10A935AA-7AE8-4051-9E34-40603F3E9CA7}.Release|x86.Build.0 = Release|Any CPU
		{10A935AA-7AE8-4051-9E34-40603F3E9CA7}.Staging|Any CPU.ActiveCfg = Staging|Any CPU
		{10A935AA-7AE8-4051-9E34-40603F3E9CA7}.Staging|Any CPU.Build.0 = Staging|Any CPU
		{10A935AA-7AE8-4051-9E34-40603F3E9CA7}.Staging|ARM.ActiveCfg = Staging|Any CPU
		{10A935AA-7AE8-4051-9E34-40603F3E9CA7}.Staging|ARM.Build.0 = Staging|Any CPU
		{10A935AA-7AE8-4051-9E34-40603F3E9CA7}.Staging|ARM64.ActiveCfg = Staging|Any CPU
		{10A935AA-7AE8-4051-9E34-40603F3E9CA7}.Staging|ARM64.Build.0 = Staging|Any CPU
		{10A935AA-7AE8-4051-9E34-40603F3E9CA7}.Staging|x64.ActiveCfg = Staging|Any CPU
		{10A935AA-7AE8-4051-9E34-40603F3E9CA7}.Staging|x64.Build.0 = Staging|Any CPU
		{10A935AA-7AE8-4051-9E34-40603F3E9CA7}.Staging|x86.ActiveCfg = Staging|Any CPU
		{10A935AA-7AE8-4051-9E34-40603F3E9CA7}.Staging|x86.Build.0 = Staging|Any CPU
		{C46B6573-932D-461A-8470-6D577A4A242D}.Debug|Any CPU.ActiveCfg = Debug|Any CPU
		{C46B6573-932D-461A-8470-6D577A4A242D}.Debug|Any CPU.Build.0 = Debug|Any CPU
		{C46B6573-932D-461A-8470-6D577A4A242D}.Debug|ARM.ActiveCfg = Debug|Any CPU
		{C46B6573-932D-461A-8470-6D577A4A242D}.Debug|ARM.Build.0 = Debug|Any CPU
		{C46B6573-932D-461A-8470-6D577A4A242D}.Debug|ARM64.ActiveCfg = Debug|Any CPU
		{C46B6573-932D-461A-8470-6D577A4A242D}.Debug|ARM64.Build.0 = Debug|Any CPU
		{C46B6573-932D-461A-8470-6D577A4A242D}.Debug|x64.ActiveCfg = Debug|Any CPU
		{C46B6573-932D-461A-8470-6D577A4A242D}.Debug|x64.Build.0 = Debug|Any CPU
		{C46B6573-932D-461A-8470-6D577A4A242D}.Debug|x86.ActiveCfg = Debug|Any CPU
		{C46B6573-932D-461A-8470-6D577A4A242D}.Debug|x86.Build.0 = Debug|Any CPU
		{C46B6573-932D-461A-8470-6D577A4A242D}.Mock|Any CPU.ActiveCfg = Mock|Any CPU
		{C46B6573-932D-461A-8470-6D577A4A242D}.Mock|Any CPU.Build.0 = Mock|Any CPU
		{C46B6573-932D-461A-8470-6D577A4A242D}.Mock|ARM.ActiveCfg = Mock|Any CPU
		{C46B6573-932D-461A-8470-6D577A4A242D}.Mock|ARM.Build.0 = Mock|Any CPU
		{C46B6573-932D-461A-8470-6D577A4A242D}.Mock|ARM64.ActiveCfg = Mock|Any CPU
		{C46B6573-932D-461A-8470-6D577A4A242D}.Mock|ARM64.Build.0 = Mock|Any CPU
		{C46B6573-932D-461A-8470-6D577A4A242D}.Mock|x64.ActiveCfg = Mock|Any CPU
		{C46B6573-932D-461A-8470-6D577A4A242D}.Mock|x64.Build.0 = Mock|Any CPU
		{C46B6573-932D-461A-8470-6D577A4A242D}.Mock|x86.ActiveCfg = Mock|Any CPU
		{C46B6573-932D-461A-8470-6D577A4A242D}.Mock|x86.Build.0 = Mock|Any CPU
		{C46B6573-932D-461A-8470-6D577A4A242D}.Release|Any CPU.ActiveCfg = Release|Any CPU
		{C46B6573-932D-461A-8470-6D577A4A242D}.Release|Any CPU.Build.0 = Release|Any CPU
		{C46B6573-932D-461A-8470-6D577A4A242D}.Release|ARM.ActiveCfg = Release|Any CPU
		{C46B6573-932D-461A-8470-6D577A4A242D}.Release|ARM.Build.0 = Release|Any CPU
		{C46B6573-932D-461A-8470-6D577A4A242D}.Release|ARM64.ActiveCfg = Release|Any CPU
		{C46B6573-932D-461A-8470-6D577A4A242D}.Release|ARM64.Build.0 = Release|Any CPU
		{C46B6573-932D-461A-8470-6D577A4A242D}.Release|x64.ActiveCfg = Release|Any CPU
		{C46B6573-932D-461A-8470-6D577A4A242D}.Release|x64.Build.0 = Release|Any CPU
		{C46B6573-932D-461A-8470-6D577A4A242D}.Release|x86.ActiveCfg = Release|Any CPU
		{C46B6573-932D-461A-8470-6D577A4A242D}.Release|x86.Build.0 = Release|Any CPU
		{C46B6573-932D-461A-8470-6D577A4A242D}.Staging|Any CPU.ActiveCfg = Staging|Any CPU
		{C46B6573-932D-461A-8470-6D577A4A242D}.Staging|Any CPU.Build.0 = Staging|Any CPU
		{C46B6573-932D-461A-8470-6D577A4A242D}.Staging|ARM.ActiveCfg = Staging|Any CPU
		{C46B6573-932D-461A-8470-6D577A4A242D}.Staging|ARM.Build.0 = Staging|Any CPU
		{C46B6573-932D-461A-8470-6D577A4A242D}.Staging|ARM64.ActiveCfg = Staging|Any CPU
		{C46B6573-932D-461A-8470-6D577A4A242D}.Staging|ARM64.Build.0 = Staging|Any CPU
		{C46B6573-932D-461A-8470-6D577A4A242D}.Staging|x64.ActiveCfg = Staging|Any CPU
		{C46B6573-932D-461A-8470-6D577A4A242D}.Staging|x64.Build.0 = Staging|Any CPU
		{C46B6573-932D-461A-8470-6D577A4A242D}.Staging|x86.ActiveCfg = Staging|Any CPU
		{C46B6573-932D-461A-8470-6D577A4A242D}.Staging|x86.Build.0 = Staging|Any CPU
		{1FE5E34F-D6D5-4DA4-B265-0AB4E17580CC}.Debug|Any CPU.ActiveCfg = Debug|Any CPU
		{1FE5E34F-D6D5-4DA4-B265-0AB4E17580CC}.Debug|Any CPU.Build.0 = Debug|Any CPU
		{1FE5E34F-D6D5-4DA4-B265-0AB4E17580CC}.Debug|ARM.ActiveCfg = Debug|Any CPU
		{1FE5E34F-D6D5-4DA4-B265-0AB4E17580CC}.Debug|ARM.Build.0 = Debug|Any CPU
		{1FE5E34F-D6D5-4DA4-B265-0AB4E17580CC}.Debug|ARM64.ActiveCfg = Debug|Any CPU
		{1FE5E34F-D6D5-4DA4-B265-0AB4E17580CC}.Debug|ARM64.Build.0 = Debug|Any CPU
		{1FE5E34F-D6D5-4DA4-B265-0AB4E17580CC}.Debug|x64.ActiveCfg = Debug|Any CPU
		{1FE5E34F-D6D5-4DA4-B265-0AB4E17580CC}.Debug|x64.Build.0 = Debug|Any CPU
		{1FE5E34F-D6D5-4DA4-B265-0AB4E17580CC}.Debug|x86.ActiveCfg = Debug|Any CPU
		{1FE5E34F-D6D5-4DA4-B265-0AB4E17580CC}.Debug|x86.Build.0 = Debug|Any CPU
		{1FE5E34F-D6D5-4DA4-B265-0AB4E17580CC}.Mock|Any CPU.ActiveCfg = Mock|Any CPU
		{1FE5E34F-D6D5-4DA4-B265-0AB4E17580CC}.Mock|Any CPU.Build.0 = Mock|Any CPU
		{1FE5E34F-D6D5-4DA4-B265-0AB4E17580CC}.Mock|ARM.ActiveCfg = Mock|Any CPU
		{1FE5E34F-D6D5-4DA4-B265-0AB4E17580CC}.Mock|ARM.Build.0 = Mock|Any CPU
		{1FE5E34F-D6D5-4DA4-B265-0AB4E17580CC}.Mock|ARM64.ActiveCfg = Mock|Any CPU
		{1FE5E34F-D6D5-4DA4-B265-0AB4E17580CC}.Mock|ARM64.Build.0 = Mock|Any CPU
		{1FE5E34F-D6D5-4DA4-B265-0AB4E17580CC}.Mock|x64.ActiveCfg = Mock|Any CPU
		{1FE5E34F-D6D5-4DA4-B265-0AB4E17580CC}.Mock|x64.Build.0 = Mock|Any CPU
		{1FE5E34F-D6D5-4DA4-B265-0AB4E17580CC}.Mock|x86.ActiveCfg = Mock|Any CPU
		{1FE5E34F-D6D5-4DA4-B265-0AB4E17580CC}.Mock|x86.Build.0 = Mock|Any CPU
		{1FE5E34F-D6D5-4DA4-B265-0AB4E17580CC}.Release|Any CPU.ActiveCfg = Release|Any CPU
		{1FE5E34F-D6D5-4DA4-B265-0AB4E17580CC}.Release|Any CPU.Build.0 = Release|Any CPU
		{1FE5E34F-D6D5-4DA4-B265-0AB4E17580CC}.Release|ARM.ActiveCfg = Release|Any CPU
		{1FE5E34F-D6D5-4DA4-B265-0AB4E17580CC}.Release|ARM.Build.0 = Release|Any CPU
		{1FE5E34F-D6D5-4DA4-B265-0AB4E17580CC}.Release|ARM64.ActiveCfg = Release|Any CPU
		{1FE5E34F-D6D5-4DA4-B265-0AB4E17580CC}.Release|ARM64.Build.0 = Release|Any CPU
		{1FE5E34F-D6D5-4DA4-B265-0AB4E17580CC}.Release|x64.ActiveCfg = Release|Any CPU
		{1FE5E34F-D6D5-4DA4-B265-0AB4E17580CC}.Release|x64.Build.0 = Release|Any CPU
		{1FE5E34F-D6D5-4DA4-B265-0AB4E17580CC}.Release|x86.ActiveCfg = Release|Any CPU
		{1FE5E34F-D6D5-4DA4-B265-0AB4E17580CC}.Release|x86.Build.0 = Release|Any CPU
		{1FE5E34F-D6D5-4DA4-B265-0AB4E17580CC}.Staging|Any CPU.ActiveCfg = Staging|Any CPU
		{1FE5E34F-D6D5-4DA4-B265-0AB4E17580CC}.Staging|Any CPU.Build.0 = Staging|Any CPU
		{1FE5E34F-D6D5-4DA4-B265-0AB4E17580CC}.Staging|ARM.ActiveCfg = Staging|Any CPU
		{1FE5E34F-D6D5-4DA4-B265-0AB4E17580CC}.Staging|ARM.Build.0 = Staging|Any CPU
		{1FE5E34F-D6D5-4DA4-B265-0AB4E17580CC}.Staging|ARM64.ActiveCfg = Staging|Any CPU
		{1FE5E34F-D6D5-4DA4-B265-0AB4E17580CC}.Staging|ARM64.Build.0 = Staging|Any CPU
		{1FE5E34F-D6D5-4DA4-B265-0AB4E17580CC}.Staging|x64.ActiveCfg = Staging|Any CPU
		{1FE5E34F-D6D5-4DA4-B265-0AB4E17580CC}.Staging|x64.Build.0 = Staging|Any CPU
		{1FE5E34F-D6D5-4DA4-B265-0AB4E17580CC}.Staging|x86.ActiveCfg = Staging|Any CPU
		{1FE5E34F-D6D5-4DA4-B265-0AB4E17580CC}.Staging|x86.Build.0 = Staging|Any CPU
		{AD7B4D8D-5CC3-47EB-B394-AD807A0FF217}.Debug|Any CPU.ActiveCfg = Debug|Any CPU
		{AD7B4D8D-5CC3-47EB-B394-AD807A0FF217}.Debug|Any CPU.Build.0 = Debug|Any CPU
		{AD7B4D8D-5CC3-47EB-B394-AD807A0FF217}.Debug|ARM.ActiveCfg = Debug|Any CPU
		{AD7B4D8D-5CC3-47EB-B394-AD807A0FF217}.Debug|ARM.Build.0 = Debug|Any CPU
		{AD7B4D8D-5CC3-47EB-B394-AD807A0FF217}.Debug|ARM64.ActiveCfg = Debug|Any CPU
		{AD7B4D8D-5CC3-47EB-B394-AD807A0FF217}.Debug|ARM64.Build.0 = Debug|Any CPU
		{AD7B4D8D-5CC3-47EB-B394-AD807A0FF217}.Debug|x64.ActiveCfg = Debug|Any CPU
		{AD7B4D8D-5CC3-47EB-B394-AD807A0FF217}.Debug|x64.Build.0 = Debug|Any CPU
		{AD7B4D8D-5CC3-47EB-B394-AD807A0FF217}.Debug|x86.ActiveCfg = Debug|Any CPU
		{AD7B4D8D-5CC3-47EB-B394-AD807A0FF217}.Debug|x86.Build.0 = Debug|Any CPU
		{AD7B4D8D-5CC3-47EB-B394-AD807A0FF217}.Mock|Any CPU.ActiveCfg = Mock|Any CPU
		{AD7B4D8D-5CC3-47EB-B394-AD807A0FF217}.Mock|Any CPU.Build.0 = Mock|Any CPU
		{AD7B4D8D-5CC3-47EB-B394-AD807A0FF217}.Mock|ARM.ActiveCfg = Mock|Any CPU
		{AD7B4D8D-5CC3-47EB-B394-AD807A0FF217}.Mock|ARM.Build.0 = Mock|Any CPU
		{AD7B4D8D-5CC3-47EB-B394-AD807A0FF217}.Mock|ARM64.ActiveCfg = Mock|Any CPU
		{AD7B4D8D-5CC3-47EB-B394-AD807A0FF217}.Mock|ARM64.Build.0 = Mock|Any CPU
		{AD7B4D8D-5CC3-47EB-B394-AD807A0FF217}.Mock|x64.ActiveCfg = Mock|Any CPU
		{AD7B4D8D-5CC3-47EB-B394-AD807A0FF217}.Mock|x64.Build.0 = Mock|Any CPU
		{AD7B4D8D-5CC3-47EB-B394-AD807A0FF217}.Mock|x86.ActiveCfg = Mock|Any CPU
		{AD7B4D8D-5CC3-47EB-B394-AD807A0FF217}.Mock|x86.Build.0 = Mock|Any CPU
		{AD7B4D8D-5CC3-47EB-B394-AD807A0FF217}.Release|Any CPU.ActiveCfg = Release|Any CPU
		{AD7B4D8D-5CC3-47EB-B394-AD807A0FF217}.Release|Any CPU.Build.0 = Release|Any CPU
		{AD7B4D8D-5CC3-47EB-B394-AD807A0FF217}.Release|ARM.ActiveCfg = Release|Any CPU
		{AD7B4D8D-5CC3-47EB-B394-AD807A0FF217}.Release|ARM.Build.0 = Release|Any CPU
		{AD7B4D8D-5CC3-47EB-B394-AD807A0FF217}.Release|ARM64.ActiveCfg = Release|Any CPU
		{AD7B4D8D-5CC3-47EB-B394-AD807A0FF217}.Release|ARM64.Build.0 = Release|Any CPU
		{AD7B4D8D-5CC3-47EB-B394-AD807A0FF217}.Release|x64.ActiveCfg = Release|Any CPU
		{AD7B4D8D-5CC3-47EB-B394-AD807A0FF217}.Release|x64.Build.0 = Release|Any CPU
		{AD7B4D8D-5CC3-47EB-B394-AD807A0FF217}.Release|x86.ActiveCfg = Release|Any CPU
		{AD7B4D8D-5CC3-47EB-B394-AD807A0FF217}.Release|x86.Build.0 = Release|Any CPU
		{AD7B4D8D-5CC3-47EB-B394-AD807A0FF217}.Staging|Any CPU.ActiveCfg = Staging|Any CPU
		{AD7B4D8D-5CC3-47EB-B394-AD807A0FF217}.Staging|Any CPU.Build.0 = Staging|Any CPU
		{AD7B4D8D-5CC3-47EB-B394-AD807A0FF217}.Staging|ARM.ActiveCfg = Staging|Any CPU
		{AD7B4D8D-5CC3-47EB-B394-AD807A0FF217}.Staging|ARM.Build.0 = Staging|Any CPU
		{AD7B4D8D-5CC3-47EB-B394-AD807A0FF217}.Staging|ARM64.ActiveCfg = Staging|Any CPU
		{AD7B4D8D-5CC3-47EB-B394-AD807A0FF217}.Staging|ARM64.Build.0 = Staging|Any CPU
		{AD7B4D8D-5CC3-47EB-B394-AD807A0FF217}.Staging|x64.ActiveCfg = Staging|Any CPU
		{AD7B4D8D-5CC3-47EB-B394-AD807A0FF217}.Staging|x64.Build.0 = Staging|Any CPU
		{AD7B4D8D-5CC3-47EB-B394-AD807A0FF217}.Staging|x86.ActiveCfg = Staging|Any CPU
		{AD7B4D8D-5CC3-47EB-B394-AD807A0FF217}.Staging|x86.Build.0 = Staging|Any CPU
	EndGlobalSection
	GlobalSection(SolutionProperties) = preSolution
		HideSolutionNode = FALSE
	EndGlobalSection
	GlobalSection(NestedProjects) = preSolution
		{ECBD81F8-A25D-4A9F-BE73-9FA244DF0B82} = {09CE0D07-9DDE-4BFC-B600-B1D75C0B86B3}
		{6A0D655D-BFEC-4DFE-A5EA-7B0F8CA4F411} = {09CE0D07-9DDE-4BFC-B600-B1D75C0B86B3}
		{F79A662D-C038-4617-9F13-C15B3196BA67} = {09CE0D07-9DDE-4BFC-B600-B1D75C0B86B3}
		{C87EE406-9245-4775-BEF6-9670D0334D35} = {09CE0D07-9DDE-4BFC-B600-B1D75C0B86B3}
		{B3357F5C-803E-46C5-BC1D-9A94E4B2A887} = {C3AAD1A3-AA92-4485-B21D-CFCF14344236}
		{D2254D78-EEF6-4F6B-B4D8-92F2EC809F52} = {09CE0D07-9DDE-4BFC-B600-B1D75C0B86B3}
		{B137F725-C1B9-4716-9019-049C3F5B41C5} = {09CE0D07-9DDE-4BFC-B600-B1D75C0B86B3}
		{31BBF18C-C865-4B75-BE4F-96EE3B707F14} = {A4862136-1EFB-47CF-9151-387C1161FE2A}
		{FE2CAB86-5C0C-41D3-9452-ADB7E62405B6} = {C3AAD1A3-AA92-4485-B21D-CFCF14344236}
		{917213DE-0B9C-43A5-B674-A3BCCE55BB31} = {708A1A12-5E97-47A1-8071-8C1AFC39A31C}
		{034E976F-D154-45FC-84C2-55C4FF66CDC0} = {C3AAD1A3-AA92-4485-B21D-CFCF14344236}
		{69C877A9-A5ED-4198-85F6-6075D7A70302} = {09CE0D07-9DDE-4BFC-B600-B1D75C0B86B3}
		{44E9D0A3-2A39-4448-BEAE-81B1F3A1F162} = {A4862136-1EFB-47CF-9151-387C1161FE2A}
		{99ECAB89-0E35-4596-8A21-6919CED7B2AA} = {A4862136-1EFB-47CF-9151-387C1161FE2A}
		{5B10889F-DDED-4FB0-9FDF-FF431E13B9AC} = {C3AAD1A3-AA92-4485-B21D-CFCF14344236}
		{A8B2D046-24CA-4B04-BE42-6A472B9FD980} = {2C4AC4D5-2AE8-4B6C-AE8F-6DA011655532}
		{2B1848DF-64BE-4BA5-89A5-2FE66D49EBDB} = {A4862136-1EFB-47CF-9151-387C1161FE2A}
		{C0D5A8DF-AFFC-4342-BFA7-CD9C5D4BB943} = {09CE0D07-9DDE-4BFC-B600-B1D75C0B86B3}
		{D3E8AB52-A23F-44C0-931F-F18027CA494C} = {09CE0D07-9DDE-4BFC-B600-B1D75C0B86B3}
		{059D9464-8BA2-4473-BBD2-AC06CBB385CF} = {C3AAD1A3-AA92-4485-B21D-CFCF14344236}
		{843D21D6-C01F-4A98-ADE9-CF8C0E877613} = {09CE0D07-9DDE-4BFC-B600-B1D75C0B86B3}
		{A7DBE4DB-D0DA-4E96-B716-23F02D6EF51C} = {09CE0D07-9DDE-4BFC-B600-B1D75C0B86B3}
		{C9E4BF72-23E2-4C24-8746-DB825B4F8579} = {09CE0D07-9DDE-4BFC-B600-B1D75C0B86B3}
		{EDBC6BD9-F0EC-44A5-BB0D-499C8B86B7CF} = {09CE0D07-9DDE-4BFC-B600-B1D75C0B86B3}
		{10A935AA-7AE8-4051-9E34-40603F3E9CA7} = {2C4AC4D5-2AE8-4B6C-AE8F-6DA011655532}
		{C46B6573-932D-461A-8470-6D577A4A242D} = {2C4AC4D5-2AE8-4B6C-AE8F-6DA011655532}
		{1FE5E34F-D6D5-4DA4-B265-0AB4E17580CC} = {2C4AC4D5-2AE8-4B6C-AE8F-6DA011655532}
		{AD7B4D8D-5CC3-47EB-B394-AD807A0FF217} = {2C4AC4D5-2AE8-4B6C-AE8F-6DA011655532}
	EndGlobalSection
	GlobalSection(ExtensibilityGlobals) = postSolution
		SolutionGuid = {B300C7B4-92B1-41B0-9CCB-9128401663CF}
	EndGlobalSection
EndGlobal
